
Microsoft Visual Studio Solution File, Format Version 12.00
# Visual Studio Version 16
Project("{2150E333-8FDC-42A3-9474-1A3956D46DE8}") = "CMakePredefinedTargets", "CMakePredefinedTargets", "{DEFEBB98-FEB8-39ED-B390-7E9EFFE8E798}"
EndProject
Project("{2150E333-8FDC-42A3-9474-1A3956D46DE8}") = "PhysX SDK", "PhysX SDK", "{EE63AC19-28C2-32A2-B955-72253066C49D}"
EndProject
Project("{8BC9CEB8-8B4A-11D0-8D11-00A0C91BC942}") = "ALL_BUILD", "ALL_BUILD.vcxproj", "{6517A243-AEB0-3C25-B92A-F07652971920}"
	ProjectSection(ProjectDependencies) = postProject
		{8E9A4EF3-2EFC-3A39-8CAF-28657AE0A24B} = {8E9A4EF3-2EFC-3A39-8CAF-28657AE0A24B}
		{AEEE7DA4-BA6A-3727-94CD-8778A74B71AB} = {AEEE7DA4-BA6A-3727-94CD-8778A74B71AB}
		{CFBDE9D4-312E-3574-A4EE-CA1357A6566F} = {CFBDE9D4-312E-3574-A4EE-CA1357A6566F}
		{26BA929D-0E0D-3FBD-ACD8-B437B5A1327F} = {26BA929D-0E0D-3FBD-ACD8-B437B5A1327F}
		{8540AD1D-FF71-30E0-9C76-E58A31047976} = {8540AD1D-FF71-30E0-9C76-E58A31047976}
		{D2597F43-1528-3A36-B521-97AB6B50CB63} = {D2597F43-1528-3A36-B521-97AB6B50CB63}
		{88ECA1EC-DA34-39C5-AB21-D1C5B3C280D5} = {88ECA1EC-DA34-39C5-AB21-D1C5B3C280D5}
		{9E6A19D1-21EA-3CE6-836C-776DCCF38FAF} = {9E6A19D1-21EA-3CE6-836C-776DCCF38FAF}
		{840CCD4F-5330-3C44-A7C6-CC32AE28DD65} = {840CCD4F-5330-3C44-A7C6-CC32AE28DD65}
		{FFB2A466-5CD7-3987-A853-6C317AEFAE84} = {FFB2A466-5CD7-3987-A853-6C317AEFAE84}
		{6E2D85F7-CC5D-377A-85B1-37E902A76394} = {6E2D85F7-CC5D-377A-85B1-37E902A76394}
		{FC16D007-ACA4-3A63-948E-A878C3FF7938} = {FC16D007-ACA4-3A63-948E-A878C3FF7938}
		{E2E65E9F-78FC-32D0-B656-3A478EC682D8} = {E2E65E9F-78FC-32D0-B656-3A478EC682D8}
		{F9182345-0E36-395A-99F1-369F7E5A4D8F} = {F9182345-0E36-395A-99F1-369F7E5A4D8F}
		{A03AFEB4-E386-3704-8037-C4575CBA0EC7} = {A03AFEB4-E386-3704-8037-C4575CBA0EC7}
		{26441C9F-3F0F-37EE-BE8A-549632F819F2} = {26441C9F-3F0F-37EE-BE8A-549632F819F2}
	EndProjectSection
EndProject
Project("{8BC9CEB8-8B4A-11D0-8D11-00A0C91BC942}") = "FastXml", "FastXml.vcxproj", "{8E9A4EF3-2EFC-3A39-8CAF-28657AE0A24B}"
	ProjectSection(ProjectDependencies) = postProject
		{26441C9F-3F0F-37EE-BE8A-549632F819F2} = {26441C9F-3F0F-37EE-BE8A-549632F819F2}
	EndProjectSection
EndProject
Project("{8BC9CEB8-8B4A-11D0-8D11-00A0C91BC942}") = "INSTALL", "INSTALL.vcxproj", "{DCF635F6-F72E-3208-ABB4-74583B510EFA}"
	ProjectSection(ProjectDependencies) = postProject
		{6517A243-AEB0-3C25-B92A-F07652971920} = {6517A243-AEB0-3C25-B92A-F07652971920}
		{26441C9F-3F0F-37EE-BE8A-549632F819F2} = {26441C9F-3F0F-37EE-BE8A-549632F819F2}
	EndProjectSection
EndProject
Project("{8BC9CEB8-8B4A-11D0-8D11-00A0C91BC942}") = "LowLevel", "LowLevel.vcxproj", "{AEEE7DA4-BA6A-3727-94CD-8778A74B71AB}"
	ProjectSection(ProjectDependencies) = postProject
		{26441C9F-3F0F-37EE-BE8A-549632F819F2} = {26441C9F-3F0F-37EE-BE8A-549632F819F2}
	EndProjectSection
EndProject
Project("{8BC9CEB8-8B4A-11D0-8D11-00A0C91BC942}") = "LowLevelAABB", "LowLevelAABB.vcxproj", "{CFBDE9D4-312E-3574-A4EE-CA1357A6566F}"
	ProjectSection(ProjectDependencies) = postProject
		{26441C9F-3F0F-37EE-BE8A-549632F819F2} = {26441C9F-3F0F-37EE-BE8A-549632F819F2}
	EndProjectSection
EndProject
Project("{8BC9CEB8-8B4A-11D0-8D11-00A0C91BC942}") = "LowLevelDynamics", "LowLevelDynamics.vcxproj", "{26BA929D-0E0D-3FBD-ACD8-B437B5A1327F}"
	ProjectSection(ProjectDependencies) = postProject
		{26441C9F-3F0F-37EE-BE8A-549632F819F2} = {26441C9F-3F0F-37EE-BE8A-549632F819F2}
	EndProjectSection
EndProject
Project("{8BC9CEB8-8B4A-11D0-8D11-00A0C91BC942}") = "PhysX", "PhysX.vcxproj", "{8540AD1D-FF71-30E0-9C76-E58A31047976}"
	ProjectSection(ProjectDependencies) = postProject
		{AEEE7DA4-BA6A-3727-94CD-8778A74B71AB} = {AEEE7DA4-BA6A-3727-94CD-8778A74B71AB}
		{CFBDE9D4-312E-3574-A4EE-CA1357A6566F} = {CFBDE9D4-312E-3574-A4EE-CA1357A6566F}
		{26BA929D-0E0D-3FBD-ACD8-B437B5A1327F} = {26BA929D-0E0D-3FBD-ACD8-B437B5A1327F}
		{88ECA1EC-DA34-39C5-AB21-D1C5B3C280D5} = {88ECA1EC-DA34-39C5-AB21-D1C5B3C280D5}
		{FFB2A466-5CD7-3987-A853-6C317AEFAE84} = {FFB2A466-5CD7-3987-A853-6C317AEFAE84}
		{6E2D85F7-CC5D-377A-85B1-37E902A76394} = {6E2D85F7-CC5D-377A-85B1-37E902A76394}
		{FC16D007-ACA4-3A63-948E-A878C3FF7938} = {FC16D007-ACA4-3A63-948E-A878C3FF7938}
		{F9182345-0E36-395A-99F1-369F7E5A4D8F} = {F9182345-0E36-395A-99F1-369F7E5A4D8F}
		{A03AFEB4-E386-3704-8037-C4575CBA0EC7} = {A03AFEB4-E386-3704-8037-C4575CBA0EC7}
		{26441C9F-3F0F-37EE-BE8A-549632F819F2} = {26441C9F-3F0F-37EE-BE8A-549632F819F2}
	EndProjectSection
EndProject
Project("{8BC9CEB8-8B4A-11D0-8D11-00A0C91BC942}") = "PhysXCharacterKinematic", "PhysXCharacterKinematic.vcxproj", "{D2597F43-1528-3A36-B521-97AB6B50CB63}"
	ProjectSection(ProjectDependencies) = postProject
		{FFB2A466-5CD7-3987-A853-6C317AEFAE84} = {FFB2A466-5CD7-3987-A853-6C317AEFAE84}
		{26441C9F-3F0F-37EE-BE8A-549632F819F2} = {26441C9F-3F0F-37EE-BE8A-549632F819F2}
	EndProjectSection
EndProject
Project("{8BC9CEB8-8B4A-11D0-8D11-00A0C91BC942}") = "PhysXCommon", "PhysXCommon.vcxproj", "{88ECA1EC-DA34-39C5-AB21-D1C5B3C280D5}"
	ProjectSection(ProjectDependencies) = postProject
		{FFB2A466-5CD7-3987-A853-6C317AEFAE84} = {FFB2A466-5CD7-3987-A853-6C317AEFAE84}
		{26441C9F-3F0F-37EE-BE8A-549632F819F2} = {26441C9F-3F0F-37EE-BE8A-549632F819F2}
	EndProjectSection
EndProject
Project("{8BC9CEB8-8B4A-11D0-8D11-00A0C91BC942}") = "PhysXCooking", "PhysXCooking.vcxproj", "{9E6A19D1-21EA-3CE6-836C-776DCCF38FAF}"
	ProjectSection(ProjectDependencies) = postProject
		{88ECA1EC-DA34-39C5-AB21-D1C5B3C280D5} = {88ECA1EC-DA34-39C5-AB21-D1C5B3C280D5}
		{FFB2A466-5CD7-3987-A853-6C317AEFAE84} = {FFB2A466-5CD7-3987-A853-6C317AEFAE84}
		{26441C9F-3F0F-37EE-BE8A-549632F819F2} = {26441C9F-3F0F-37EE-BE8A-549632F819F2}
	EndProjectSection
EndProject
Project("{8BC9CEB8-8B4A-11D0-8D11-00A0C91BC942}") = "PhysXExtensions", "PhysXExtensions.vcxproj", "{840CCD4F-5330-3C44-A7C6-CC32AE28DD65}"
	ProjectSection(ProjectDependencies) = postProject
		{8E9A4EF3-2EFC-3A39-8CAF-28657AE0A24B} = {8E9A4EF3-2EFC-3A39-8CAF-28657AE0A24B}
		{8540AD1D-FF71-30E0-9C76-E58A31047976} = {8540AD1D-FF71-30E0-9C76-E58A31047976}
		{FFB2A466-5CD7-3987-A853-6C317AEFAE84} = {FFB2A466-5CD7-3987-A853-6C317AEFAE84}
		{6E2D85F7-CC5D-377A-85B1-37E902A76394} = {6E2D85F7-CC5D-377A-85B1-37E902A76394}
		{26441C9F-3F0F-37EE-BE8A-549632F819F2} = {26441C9F-3F0F-37EE-BE8A-549632F819F2}
	EndProjectSection
EndProject
Project("{8BC9CEB8-8B4A-11D0-8D11-00A0C91BC942}") = "PhysXFoundation", "PhysXFoundation.vcxproj", "{FFB2A466-5CD7-3987-A853-6C317AEFAE84}"
	ProjectSection(ProjectDependencies) = postProject
		{26441C9F-3F0F-37EE-BE8A-549632F819F2} = {26441C9F-3F0F-37EE-BE8A-549632F819F2}
	EndProjectSection
EndProject
Project("{8BC9CEB8-8B4A-11D0-8D11-00A0C91BC942}") = "PhysXPvdSDK", "PhysXPvdSDK.vcxproj", "{6E2D85F7-CC5D-377A-85B1-37E902A76394}"
	ProjectSection(ProjectDependencies) = postProject
		{FFB2A466-5CD7-3987-A853-6C317AEFAE84} = {FFB2A466-5CD7-3987-A853-6C317AEFAE84}
		{26441C9F-3F0F-37EE-BE8A-549632F819F2} = {26441C9F-3F0F-37EE-BE8A-549632F819F2}
	EndProjectSection
EndProject
Project("{8BC9CEB8-8B4A-11D0-8D11-00A0C91BC942}") = "PhysXTask", "PhysXTask.vcxproj", "{FC16D007-ACA4-3A63-948E-A878C3FF7938}"
	ProjectSection(ProjectDependencies) = postProject
		{26441C9F-3F0F-37EE-BE8A-549632F819F2} = {26441C9F-3F0F-37EE-BE8A-549632F819F2}
	EndProjectSection
EndProject
Project("{8BC9CEB8-8B4A-11D0-8D11-00A0C91BC942}") = "PhysXVehicle", "PhysXVehicle.vcxproj", "{E2E65E9F-78FC-32D0-B656-3A478EC682D8}"
	ProjectSection(ProjectDependencies) = postProject
		{FFB2A466-5CD7-3987-A853-6C317AEFAE84} = {FFB2A466-5CD7-3987-A853-6C317AEFAE84}
		{6E2D85F7-CC5D-377A-85B1-37E902A76394} = {6E2D85F7-CC5D-377A-85B1-37E902A76394}
		{26441C9F-3F0F-37EE-BE8A-549632F819F2} = {26441C9F-3F0F-37EE-BE8A-549632F819F2}
	EndProjectSection
EndProject
Project("{8BC9CEB8-8B4A-11D0-8D11-00A0C91BC942}") = "SceneQuery", "SceneQuery.vcxproj", "{F9182345-0E36-395A-99F1-369F7E5A4D8F}"
	ProjectSection(ProjectDependencies) = postProject
		{26441C9F-3F0F-37EE-BE8A-549632F819F2} = {26441C9F-3F0F-37EE-BE8A-549632F819F2}
	EndProjectSection
EndProject
Project("{8BC9CEB8-8B4A-11D0-8D11-00A0C91BC942}") = "SimulationController", "SimulationController.vcxproj", "{A03AFEB4-E386-3704-8037-C4575CBA0EC7}"
	ProjectSection(ProjectDependencies) = postProject
		{26441C9F-3F0F-37EE-BE8A-549632F819F2} = {26441C9F-3F0F-37EE-BE8A-549632F819F2}
	EndProjectSection
EndProject
Project("{8BC9CEB8-8B4A-11D0-8D11-00A0C91BC942}") = "ZERO_CHECK", "..\\ZERO_CHECK.vcxproj", "{26441C9F-3F0F-37EE-BE8A-549632F819F2}"
	ProjectSection(ProjectDependencies) = postProject
	EndProjectSection
EndProject
Global
	GlobalSection(SolutionConfigurationPlatforms) = preSolution
		debug|x64 = debug|x64
		checked|x64 = checked|x64
		profile|x64 = profile|x64
		release|x64 = release|x64
	EndGlobalSection
	GlobalSection(ProjectConfigurationPlatforms) = postSolution
		{6517A243-AEB0-3C25-B92A-F07652971920}.debug|x64.ActiveCfg = debug|x64
		{6517A243-AEB0-3C25-B92A-F07652971920}.debug|x64.Build.0 = debug|x64
		{6517A243-AEB0-3C25-B92A-F07652971920}.checked|x64.ActiveCfg = checked|x64
		{6517A243-AEB0-3C25-B92A-F07652971920}.checked|x64.Build.0 = checked|x64
		{6517A243-AEB0-3C25-B92A-F07652971920}.profile|x64.ActiveCfg = profile|x64
		{6517A243-AEB0-3C25-B92A-F07652971920}.profile|x64.Build.0 = profile|x64
		{6517A243-AEB0-3C25-B92A-F07652971920}.release|x64.ActiveCfg = release|x64
		{6517A243-AEB0-3C25-B92A-F07652971920}.release|x64.Build.0 = release|x64
		{8E9A4EF3-2EFC-3A39-8CAF-28657AE0A24B}.debug|x64.ActiveCfg = debug|x64
		{8E9A4EF3-2EFC-3A39-8CAF-28657AE0A24B}.debug|x64.Build.0 = debug|x64
		{8E9A4EF3-2EFC-3A39-8CAF-28657AE0A24B}.checked|x64.ActiveCfg = checked|x64
		{8E9A4EF3-2EFC-3A39-8CAF-28657AE0A24B}.checked|x64.Build.0 = checked|x64
		{8E9A4EF3-2EFC-3A39-8CAF-28657AE0A24B}.profile|x64.ActiveCfg = profile|x64
		{8E9A4EF3-2EFC-3A39-8CAF-28657AE0A24B}.profile|x64.Build.0 = profile|x64
		{8E9A4EF3-2EFC-3A39-8CAF-28657AE0A24B}.release|x64.ActiveCfg = release|x64
		{8E9A4EF3-2EFC-3A39-8CAF-28657AE0A24B}.release|x64.Build.0 = release|x64
		{DCF635F6-F72E-3208-ABB4-74583B510EFA}.debug|x64.ActiveCfg = debug|x64
		{DCF635F6-F72E-3208-ABB4-74583B510EFA}.checked|x64.ActiveCfg = checked|x64
		{DCF635F6-F72E-3208-ABB4-74583B510EFA}.profile|x64.ActiveCfg = profile|x64
		{DCF635F6-F72E-3208-ABB4-74583B510EFA}.release|x64.ActiveCfg = release|x64
		{AEEE7DA4-BA6A-3727-94CD-8778A74B71AB}.debug|x64.ActiveCfg = debug|x64
		{AEEE7DA4-BA6A-3727-94CD-8778A74B71AB}.debug|x64.Build.0 = debug|x64
		{AEEE7DA4-BA6A-3727-94CD-8778A74B71AB}.checked|x64.ActiveCfg = checked|x64
		{AEEE7DA4-BA6A-3727-94CD-8778A74B71AB}.checked|x64.Build.0 = checked|x64
		{AEEE7DA4-BA6A-3727-94CD-8778A74B71AB}.profile|x64.ActiveCfg = profile|x64
		{AEEE7DA4-BA6A-3727-94CD-8778A74B71AB}.profile|x64.Build.0 = profile|x64
		{AEEE7DA4-BA6A-3727-94CD-8778A74B71AB}.release|x64.ActiveCfg = release|x64
		{AEEE7DA4-BA6A-3727-94CD-8778A74B71AB}.release|x64.Build.0 = release|x64
		{CFBDE9D4-312E-3574-A4EE-CA1357A6566F}.debug|x64.ActiveCfg = debug|x64
		{CFBDE9D4-312E-3574-A4EE-CA1357A6566F}.debug|x64.Build.0 = debug|x64
		{CFBDE9D4-312E-3574-A4EE-CA1357A6566F}.checked|x64.ActiveCfg = checked|x64
		{CFBDE9D4-312E-3574-A4EE-CA1357A6566F}.checked|x64.Build.0 = checked|x64
		{CFBDE9D4-312E-3574-A4EE-CA1357A6566F}.profile|x64.ActiveCfg = profile|x64
		{CFBDE9D4-312E-3574-A4EE-CA1357A6566F}.profile|x64.Build.0 = profile|x64
		{CFBDE9D4-312E-3574-A4EE-CA1357A6566F}.release|x64.ActiveCfg = release|x64
		{CFBDE9D4-312E-3574-A4EE-CA1357A6566F}.release|x64.Build.0 = release|x64
		{26BA929D-0E0D-3FBD-ACD8-B437B5A1327F}.debug|x64.ActiveCfg = debug|x64
		{26BA929D-0E0D-3FBD-ACD8-B437B5A1327F}.debug|x64.Build.0 = debug|x64
		{26BA929D-0E0D-3FBD-ACD8-B437B5A1327F}.checked|x64.ActiveCfg = checked|x64
		{26BA929D-0E0D-3FBD-ACD8-B437B5A1327F}.checked|x64.Build.0 = checked|x64
		{26BA929D-0E0D-3FBD-ACD8-B437B5A1327F}.profile|x64.ActiveCfg = profile|x64
		{26BA929D-0E0D-3FBD-ACD8-B437B5A1327F}.profile|x64.Build.0 = profile|x64
		{26BA929D-0E0D-3FBD-ACD8-B437B5A1327F}.release|x64.ActiveCfg = release|x64
		{26BA929D-0E0D-3FBD-ACD8-B437B5A1327F}.release|x64.Build.0 = release|x64
		{8540AD1D-FF71-30E0-9C76-E58A31047976}.debug|x64.ActiveCfg = debug|x64
		{8540AD1D-FF71-30E0-9C76-E58A31047976}.debug|x64.Build.0 = debug|x64
		{8540AD1D-FF71-30E0-9C76-E58A31047976}.checked|x64.ActiveCfg = checked|x64
		{8540AD1D-FF71-30E0-9C76-E58A31047976}.checked|x64.Build.0 = checked|x64
		{8540AD1D-FF71-30E0-9C76-E58A31047976}.profile|x64.ActiveCfg = profile|x64
		{8540AD1D-FF71-30E0-9C76-E58A31047976}.profile|x64.Build.0 = profile|x64
		{8540AD1D-FF71-30E0-9C76-E58A31047976}.release|x64.ActiveCfg = release|x64
		{8540AD1D-FF71-30E0-9C76-E58A31047976}.release|x64.Build.0 = release|x64
		{D2597F43-1528-3A36-B521-97AB6B50CB63}.debug|x64.ActiveCfg = debug|x64
		{D2597F43-1528-3A36-B521-97AB6B50CB63}.debug|x64.Build.0 = debug|x64
		{D2597F43-1528-3A36-B521-97AB6B50CB63}.checked|x64.ActiveCfg = checked|x64
		{D2597F43-1528-3A36-B521-97AB6B50CB63}.checked|x64.Build.0 = checked|x64
		{D2597F43-1528-3A36-B521-97AB6B50CB63}.profile|x64.ActiveCfg = profile|x64
		{D2597F43-1528-3A36-B521-97AB6B50CB63}.profile|x64.Build.0 = profile|x64
		{D2597F43-1528-3A36-B521-97AB6B50CB63}.release|x64.ActiveCfg = release|x64
		{D2597F43-1528-3A36-B521-97AB6B50CB63}.release|x64.Build.0 = release|x64
		{88ECA1EC-DA34-39C5-AB21-D1C5B3C280D5}.debug|x64.ActiveCfg = debug|x64
		{88ECA1EC-DA34-39C5-AB21-D1C5B3C280D5}.debug|x64.Build.0 = debug|x64
		{88ECA1EC-DA34-39C5-AB21-D1C5B3C280D5}.checked|x64.ActiveCfg = checked|x64
		{88ECA1EC-DA34-39C5-AB21-D1C5B3C280D5}.checked|x64.Build.0 = checked|x64
		{88ECA1EC-DA34-39C5-AB21-D1C5B3C280D5}.profile|x64.ActiveCfg = profile|x64
		{88ECA1EC-DA34-39C5-AB21-D1C5B3C280D5}.profile|x64.Build.0 = profile|x64
		{88ECA1EC-DA34-39C5-AB21-D1C5B3C280D5}.release|x64.ActiveCfg = release|x64
		{88ECA1EC-DA34-39C5-AB21-D1C5B3C280D5}.release|x64.Build.0 = release|x64
		{9E6A19D1-21EA-3CE6-836C-776DCCF38FAF}.debug|x64.ActiveCfg = debug|x64
		{9E6A19D1-21EA-3CE6-836C-776DCCF38FAF}.debug|x64.Build.0 = debug|x64
		{9E6A19D1-21EA-3CE6-836C-776DCCF38FAF}.checked|x64.ActiveCfg = checked|x64
		{9E6A19D1-21EA-3CE6-836C-776DCCF38FAF}.checked|x64.Build.0 = checked|x64
		{9E6A19D1-21EA-3CE6-836C-776DCCF38FAF}.profile|x64.ActiveCfg = profile|x64
		{9E6A19D1-21EA-3CE6-836C-776DCCF38FAF}.profile|x64.Build.0 = profile|x64
		{9E6A19D1-21EA-3CE6-836C-776DCCF38FAF}.release|x64.ActiveCfg = release|x64
		{9E6A19D1-21EA-3CE6-836C-776DCCF38FAF}.release|x64.Build.0 = release|x64
		{840CCD4F-5330-3C44-A7C6-CC32AE28DD65}.debug|x64.ActiveCfg = debug|x64
		{840CCD4F-5330-3C44-A7C6-CC32AE28DD65}.debug|x64.Build.0 = debug|x64
		{840CCD4F-5330-3C44-A7C6-CC32AE28DD65}.checked|x64.ActiveCfg = checked|x64
		{840CCD4F-5330-3C44-A7C6-CC32AE28DD65}.checked|x64.Build.0 = checked|x64
		{840CCD4F-5330-3C44-A7C6-CC32AE28DD65}.profile|x64.ActiveCfg = profile|x64
		{840CCD4F-5330-3C44-A7C6-CC32AE28DD65}.profile|x64.Build.0 = profile|x64
		{840CCD4F-5330-3C44-A7C6-CC32AE28DD65}.release|x64.ActiveCfg = release|x64
		{840CCD4F-5330-3C44-A7C6-CC32AE28DD65}.release|x64.Build.0 = release|x64
		{FFB2A466-5CD7-3987-A853-6C317AEFAE84}.debug|x64.ActiveCfg = debug|x64
		{FFB2A466-5CD7-3987-A853-6C317AEFAE84}.debug|x64.Build.0 = debug|x64
		{FFB2A466-5CD7-3987-A853-6C317AEFAE84}.checked|x64.ActiveCfg = checked|x64
		{FFB2A466-5CD7-3987-A853-6C317AEFAE84}.checked|x64.Build.0 = checked|x64
		{FFB2A466-5CD7-3987-A853-6C317AEFAE84}.profile|x64.ActiveCfg = profile|x64
		{FFB2A466-5CD7-3987-A853-6C317AEFAE84}.profile|x64.Build.0 = profile|x64
		{FFB2A466-5CD7-3987-A853-6C317AEFAE84}.release|x64.ActiveCfg = release|x64
		{FFB2A466-5CD7-3987-A853-6C317AEFAE84}.release|x64.Build.0 = release|x64
		{6E2D85F7-CC5D-377A-85B1-37E902A76394}.debug|x64.ActiveCfg = debug|x64
		{6E2D85F7-CC5D-377A-85B1-37E902A76394}.debug|x64.Build.0 = debug|x64
		{6E2D85F7-CC5D-377A-85B1-37E902A76394}.checked|x64.ActiveCfg = checked|x64
		{6E2D85F7-CC5D-377A-85B1-37E902A76394}.checked|x64.Build.0 = checked|x64
		{6E2D85F7-CC5D-377A-85B1-37E902A76394}.profile|x64.ActiveCfg = profile|x64
		{6E2D85F7-CC5D-377A-85B1-37E902A76394}.profile|x64.Build.0 = profile|x64
		{6E2D85F7-CC5D-377A-85B1-37E902A76394}.release|x64.ActiveCfg = release|x64
		{6E2D85F7-CC5D-377A-85B1-37E902A76394}.release|x64.Build.0 = release|x64
		{FC16D007-ACA4-3A63-948E-A878C3FF7938}.debug|x64.ActiveCfg = debug|x64
		{FC16D007-ACA4-3A63-948E-A878C3FF7938}.debug|x64.Build.0 = debug|x64
		{FC16D007-ACA4-3A63-948E-A878C3FF7938}.checked|x64.ActiveCfg = checked|x64
		{FC16D007-ACA4-3A63-948E-A878C3FF7938}.checked|x64.Build.0 = checked|x64
		{FC16D007-ACA4-3A63-948E-A878C3FF7938}.profile|x64.ActiveCfg = profile|x64
		{FC16D007-ACA4-3A63-948E-A878C3FF7938}.profile|x64.Build.0 = profile|x64
		{FC16D007-ACA4-3A63-948E-A878C3FF7938}.release|x64.ActiveCfg = release|x64
		{FC16D007-ACA4-3A63-948E-A878C3FF7938}.release|x64.Build.0 = release|x64
		{E2E65E9F-78FC-32D0-B656-3A478EC682D8}.debug|x64.ActiveCfg = debug|x64
		{E2E65E9F-78FC-32D0-B656-3A478EC682D8}.debug|x64.Build.0 = debug|x64
		{E2E65E9F-78FC-32D0-B656-3A478EC682D8}.checked|x64.ActiveCfg = checked|x64
		{E2E65E9F-78FC-32D0-B656-3A478EC682D8}.checked|x64.Build.0 = checked|x64
		{E2E65E9F-78FC-32D0-B656-3A478EC682D8}.profile|x64.ActiveCfg = profile|x64
		{E2E65E9F-78FC-32D0-B656-3A478EC682D8}.profile|x64.Build.0 = profile|x64
		{E2E65E9F-78FC-32D0-B656-3A478EC682D8}.release|x64.ActiveCfg = release|x64
		{E2E65E9F-78FC-32D0-B656-3A478EC682D8}.release|x64.Build.0 = release|x64
		{F9182345-0E36-395A-99F1-369F7E5A4D8F}.debug|x64.ActiveCfg = debug|x64
		{F9182345-0E36-395A-99F1-369F7E5A4D8F}.debug|x64.Build.0 = debug|x64
		{F9182345-0E36-395A-99F1-369F7E5A4D8F}.checked|x64.ActiveCfg = checked|x64
		{F9182345-0E36-395A-99F1-369F7E5A4D8F}.checked|x64.Build.0 = checked|x64
		{F9182345-0E36-395A-99F1-369F7E5A4D8F}.profile|x64.ActiveCfg = profile|x64
		{F9182345-0E36-395A-99F1-369F7E5A4D8F}.profile|x64.Build.0 = profile|x64
		{F9182345-0E36-395A-99F1-369F7E5A4D8F}.release|x64.ActiveCfg = release|x64
		{F9182345-0E36-395A-99F1-369F7E5A4D8F}.release|x64.Build.0 = release|x64
		{A03AFEB4-E386-3704-8037-C4575CBA0EC7}.debug|x64.ActiveCfg = debug|x64
		{A03AFEB4-E386-3704-8037-C4575CBA0EC7}.debug|x64.Build.0 = debug|x64
		{A03AFEB4-E386-3704-8037-C4575CBA0EC7}.checked|x64.ActiveCfg = checked|x64
		{A03AFEB4-E386-3704-8037-C4575CBA0EC7}.checked|x64.Build.0 = checked|x64
		{A03AFEB4-E386-3704-8037-C4575CBA0EC7}.profile|x64.ActiveCfg = profile|x64
		{A03AFEB4-E386-3704-8037-C4575CBA0EC7}.profile|x64.Build.0 = profile|x64
		{A03AFEB4-E386-3704-8037-C4575CBA0EC7}.release|x64.ActiveCfg = release|x64
		{A03AFEB4-E386-3704-8037-C4575CBA0EC7}.release|x64.Build.0 = release|x64
		{26441C9F-3F0F-37EE-BE8A-549632F819F2}.debug|x64.ActiveCfg = debug|x64
		{26441C9F-3F0F-37EE-BE8A-549632F819F2}.debug|x64.Build.0 = debug|x64
		{26441C9F-3F0F-37EE-BE8A-549632F819F2}.checked|x64.ActiveCfg = checked|x64
		{26441C9F-3F0F-37EE-BE8A-549632F819F2}.checked|x64.Build.0 = checked|x64
		{26441C9F-3F0F-37EE-BE8A-549632F819F2}.profile|x64.ActiveCfg = profile|x64
		{26441C9F-3F0F-37EE-BE8A-549632F819F2}.profile|x64.Build.0 = profile|x64
		{26441C9F-3F0F-37EE-BE8A-549632F819F2}.release|x64.ActiveCfg = release|x64
		{26441C9F-3F0F-37EE-BE8A-549632F819F2}.release|x64.Build.0 = release|x64
	EndGlobalSection
	GlobalSection(NestedProjects) = preSolution
		{6517A243-AEB0-3C25-B92A-F07652971920} = {DEFEBB98-FEB8-39ED-B390-7E9EFFE8E798}
		{DCF635F6-F72E-3208-ABB4-74583B510EFA} = {DEFEBB98-FEB8-39ED-B390-7E9EFFE8E798}
		{26441C9F-3F0F-37EE-BE8A-549632F819F2} = {DEFEBB98-FEB8-39ED-B390-7E9EFFE8E798}
		{8E9A4EF3-2EFC-3A39-8CAF-28657AE0A24B} = {EE63AC19-28C2-32A2-B955-72253066C49D}
		{AEEE7DA4-BA6A-3727-94CD-8778A74B71AB} = {EE63AC19-28C2-32A2-B955-72253066C49D}
		{CFBDE9D4-312E-3574-A4EE-CA1357A6566F} = {EE63AC19-28C2-32A2-B955-72253066C49D}
		{26BA929D-0E0D-3FBD-ACD8-B437B5A1327F} = {EE63AC19-28C2-32A2-B955-72253066C49D}
		{8540AD1D-FF71-30E0-9C76-E58A31047976} = {EE63AC19-28C2-32A2-B955-72253066C49D}
		{D2597F43-1528-3A36-B521-97AB6B50CB63} = {EE63AC19-28C2-32A2-B955-72253066C49D}
		{88ECA1EC-DA34-39C5-AB21-D1C5B3C280D5} = {EE63AC19-28C2-32A2-B955-72253066C49D}
		{9E6A19D1-21EA-3CE6-836C-776DCCF38FAF} = {EE63AC19-28C2-32A2-B955-72253066C49D}
		{840CCD4F-5330-3C44-A7C6-CC32AE28DD65} = {EE63AC19-28C2-32A2-B955-72253066C49D}
		{FFB2A466-5CD7-3987-A853-6C317AEFAE84} = {EE63AC19-28C2-32A2-B955-72253066C49D}
		{6E2D85F7-CC5D-377A-85B1-37E902A76394} = {EE63AC19-28C2-32A2-B955-72253066C49D}
		{FC16D007-ACA4-3A63-948E-A878C3FF7938} = {EE63AC19-28C2-32A2-B955-72253066C49D}
		{E2E65E9F-78FC-32D0-B656-3A478EC682D8} = {EE63AC19-28C2-32A2-B955-72253066C49D}
		{F9182345-0E36-395A-99F1-369F7E5A4D8F} = {EE63AC19-28C2-32A2-B955-72253066C49D}
		{A03AFEB4-E386-3704-8037-C4575CBA0EC7} = {EE63AC19-28C2-32A2-B955-72253066C49D}
	EndGlobalSection
	GlobalSection(ExtensibilityGlobals) = postSolution
		SolutionGuid = {4C824BA0-613C-36E3-95E3-52B80F6E8A9A}
	EndGlobalSection
	GlobalSection(ExtensibilityAddIns) = postSolution
	EndGlobalSection
EndGlobal
