<?xml version="1.0" encoding="utf-8"?>
<Project ToolsVersion="16.0" xmlns="http://schemas.microsoft.com/developer/msbuild/2003">
  <ItemGroup>
    <ClCompile Include="M:\xrc\eng5-mpx\ext\src\physx\physx\source\task\src\TaskManager.cpp">
      <Filter>src</Filter>
    </ClCompile>
  </ItemGroup>
  <ItemGroup>
    <ClInclude Include="M:\xrc\eng5-mpx\ext\src\physx\physx\include\task\PxCpuDispatcher.h">
      <Filter>include</Filter>
    </ClInclude>
    <ClInclude Include="M:\xrc\eng5-mpx\ext\src\physx\physx\include\task\PxTask.h">
      <Filter>include</Filter>
    </ClInclude>
    <ClInclude Include="M:\xrc\eng5-mpx\ext\src\physx\physx\include\task\PxTaskDefine.h">
      <Filter>include</Filter>
    </ClInclude>
    <ClInclude Include="M:\xrc\eng5-mpx\ext\src\physx\physx\include\task\PxTaskManager.h">
      <Filter>include</Filter>
    </ClInclude>
  </ItemGroup>
  <ItemGroup>
    <CustomBuild Include="M:\xrc\eng5-mpx\ext\src\physx\physx\source\compiler\cmake\CMakeLists.txt" />
  </ItemGroup>
  <ItemGroup>
    <Filter Include="include">
      <UniqueIdentifier>{9AA36CC6-7E08-3AED-90F6-343A2937F3CD}</UniqueIdentifier>
    </Filter>
    <Filter Include="src">
      <UniqueIdentifier>{328F25D6-48B6-36F3-9038-9342E295BE37}</UniqueIdentifier>
    </Filter>
  </ItemGroup>
</Project>
