
Microsoft Visual Studio Solution File, Format Version 12.00
# Visual Studio Version 16
Project("{2150E333-8FDC-42A3-9474-1A3956D46DE8}") = "CMakePredefinedTargets", "CMakePredefinedTargets", "{DEFEBB98-FEB8-39ED-B390-7E9EFFE8E798}"
EndProject
Project("{2150E333-8FDC-42A3-9474-1A3956D46DE8}") = "PhysX SDK", "PhysX SDK", "{EE63AC19-28C2-32A2-B955-72253066C49D}"
EndProject
Project("{2150E333-8FDC-42A3-9474-1A3956D46DE8}") = "Snippets", "Snippets", "{AB85B071-2E39-3F32-9EA2-E3173B39E72F}"
EndProject
Project("{2150E333-8FDC-42A3-9474-1A3956D46DE8}") = "Libraries only", "Snippets\Libraries only", "{A6A2621A-0AC6-3B6A-900B-84B817B76C58}"
EndProject
Project("{8BC9CEB8-8B4A-11D0-8D11-00A0C91BC942}") = "ALL_BUILD", "ALL_BUILD.vcxproj", "{6517A243-AEB0-3C25-B92A-F07652971920}"
	ProjectSection(ProjectDependencies) = postProject
		{4FE788E2-CC8A-3AD3-8D3A-772069AC02D4} = {4FE788E2-CC8A-3AD3-8D3A-772069AC02D4}
		{F0873EAB-8ADA-345F-92BC-5DBB110F61AA} = {F0873EAB-8ADA-345F-92BC-5DBB110F61AA}
		{E20AF339-3277-358A-8FAD-621B5584CBEA} = {E20AF339-3277-358A-8FAD-621B5584CBEA}
		{1402E383-AB6F-3A83-987C-17E11E74EF17} = {1402E383-AB6F-3A83-987C-17E11E74EF17}
		{307C6247-F455-3BC3-9734-5CA619F2D916} = {307C6247-F455-3BC3-9734-5CA619F2D916}
		{E6F1CD2F-0832-3FF5-A13C-3DAB6749D9E0} = {E6F1CD2F-0832-3FF5-A13C-3DAB6749D9E0}
		{C13945F4-A289-3F9C-B8FE-DD7DB41C68D5} = {C13945F4-A289-3F9C-B8FE-DD7DB41C68D5}
		{406568C5-F3D7-3992-AB21-4F0E9074A599} = {406568C5-F3D7-3992-AB21-4F0E9074A599}
		{DCCDD39A-B24E-3607-AB1B-2942B2276ED8} = {DCCDD39A-B24E-3607-AB1B-2942B2276ED8}
		{5F86CC35-D626-3602-B9DC-4C580D1DF798} = {5F86CC35-D626-3602-B9DC-4C580D1DF798}
		{C22813EA-2278-3941-90FA-2A4D561CFDA2} = {C22813EA-2278-3941-90FA-2A4D561CFDA2}
		{BCEAAAD6-F7C9-3EFB-A62C-668422E79768} = {BCEAAAD6-F7C9-3EFB-A62C-668422E79768}
		{C0E1865E-3236-3B0F-B9CD-9A71BCCCE7AB} = {C0E1865E-3236-3B0F-B9CD-9A71BCCCE7AB}
		{6BDA5110-192D-35D8-832B-4C3BA2B46CA9} = {6BDA5110-192D-35D8-832B-4C3BA2B46CA9}
		{8F0AB617-F353-3FD1-9366-26F385B628F8} = {8F0AB617-F353-3FD1-9366-26F385B628F8}
		{5F9B2479-FA9E-353F-B327-8F28C33D45FE} = {5F9B2479-FA9E-353F-B327-8F28C33D45FE}
		{6AFB941C-9EFC-384A-BBC9-BAD8E310AAB2} = {6AFB941C-9EFC-384A-BBC9-BAD8E310AAB2}
		{7447A18A-338E-37F9-9830-4258778C06A6} = {7447A18A-338E-37F9-9830-4258778C06A6}
		{3214E8E7-BAD6-3011-8AB9-30D47AC90446} = {3214E8E7-BAD6-3011-8AB9-30D47AC90446}
		{1C1142DD-1D96-348D-A3CB-756B8B730175} = {1C1142DD-1D96-348D-A3CB-756B8B730175}
		{EF272738-340A-364C-BD94-DFFC201E70A1} = {EF272738-340A-364C-BD94-DFFC201E70A1}
		{D6979BDE-C574-3CBB-BC45-1BCAA6F13A39} = {D6979BDE-C574-3CBB-BC45-1BCAA6F13A39}
		{CB98888E-1BC9-3E17-AC12-5787DF3D877D} = {CB98888E-1BC9-3E17-AC12-5787DF3D877D}
		{EB38C670-7F56-3FF3-8C8D-6822622A963A} = {EB38C670-7F56-3FF3-8C8D-6822622A963A}
		{3E58682F-DF6E-37C5-87F7-9BDFC9DD7B92} = {3E58682F-DF6E-37C5-87F7-9BDFC9DD7B92}
		{3E8C2C5A-6A80-38EB-A079-40EBF30C4E71} = {3E8C2C5A-6A80-38EB-A079-40EBF30C4E71}
		{C790B097-BC81-3ABC-8211-62B62DF69D39} = {C790B097-BC81-3ABC-8211-62B62DF69D39}
		{A8C66CC8-F027-3587-B616-C5517D123AB9} = {A8C66CC8-F027-3587-B616-C5517D123AB9}
		{7383CB57-CC5C-3B30-81A1-19D1400020F9} = {7383CB57-CC5C-3B30-81A1-19D1400020F9}
		{5C324778-7124-33E9-9606-4F8D310D51E7} = {5C324778-7124-33E9-9606-4F8D310D51E7}
		{82BC2E93-034D-3A6D-983D-4AB591E62738} = {82BC2E93-034D-3A6D-983D-4AB591E62738}
		{A5E31542-B7E6-3DA4-8E12-F2FF76DA3615} = {A5E31542-B7E6-3DA4-8E12-F2FF76DA3615}
		{221FCAC6-4F2A-3978-AD31-3FECA58C26FF} = {221FCAC6-4F2A-3978-AD31-3FECA58C26FF}
		{E21F0EF9-C24D-30EB-BB04-32E639A58845} = {E21F0EF9-C24D-30EB-BB04-32E639A58845}
		{81B2B9EF-E696-3ACE-A121-0EADDB0A0C5C} = {81B2B9EF-E696-3ACE-A121-0EADDB0A0C5C}
		{C53EF953-1045-3B74-A92D-5C4A7990A9B3} = {C53EF953-1045-3B74-A92D-5C4A7990A9B3}
		{A2C6F56F-7F68-3510-B7B5-755FC55E7241} = {A2C6F56F-7F68-3510-B7B5-755FC55E7241}
		{26441C9F-3F0F-37EE-BE8A-549632F819F2} = {26441C9F-3F0F-37EE-BE8A-549632F819F2}
	EndProjectSection
EndProject
Project("{8BC9CEB8-8B4A-11D0-8D11-00A0C91BC942}") = "FastXml", "..\sdk_source_bin\FastXml.vcxproj", "{8E9A4EF3-2EFC-3A39-8CAF-28657AE0A24B}"
	ProjectSection(ProjectDependencies) = postProject
		{26441C9F-3F0F-37EE-BE8A-549632F819F2} = {26441C9F-3F0F-37EE-BE8A-549632F819F2}
	EndProjectSection
EndProject
Project("{8BC9CEB8-8B4A-11D0-8D11-00A0C91BC942}") = "INSTALL", "INSTALL.vcxproj", "{DCF635F6-F72E-3208-ABB4-74583B510EFA}"
	ProjectSection(ProjectDependencies) = postProject
		{6517A243-AEB0-3C25-B92A-F07652971920} = {6517A243-AEB0-3C25-B92A-F07652971920}
		{26441C9F-3F0F-37EE-BE8A-549632F819F2} = {26441C9F-3F0F-37EE-BE8A-549632F819F2}
	EndProjectSection
EndProject
Project("{8BC9CEB8-8B4A-11D0-8D11-00A0C91BC942}") = "LowLevel", "..\sdk_source_bin\LowLevel.vcxproj", "{AEEE7DA4-BA6A-3727-94CD-8778A74B71AB}"
	ProjectSection(ProjectDependencies) = postProject
		{26441C9F-3F0F-37EE-BE8A-549632F819F2} = {26441C9F-3F0F-37EE-BE8A-549632F819F2}
	EndProjectSection
EndProject
Project("{8BC9CEB8-8B4A-11D0-8D11-00A0C91BC942}") = "LowLevelAABB", "..\sdk_source_bin\LowLevelAABB.vcxproj", "{CFBDE9D4-312E-3574-A4EE-CA1357A6566F}"
	ProjectSection(ProjectDependencies) = postProject
		{26441C9F-3F0F-37EE-BE8A-549632F819F2} = {26441C9F-3F0F-37EE-BE8A-549632F819F2}
	EndProjectSection
EndProject
Project("{8BC9CEB8-8B4A-11D0-8D11-00A0C91BC942}") = "LowLevelDynamics", "..\sdk_source_bin\LowLevelDynamics.vcxproj", "{26BA929D-0E0D-3FBD-ACD8-B437B5A1327F}"
	ProjectSection(ProjectDependencies) = postProject
		{26441C9F-3F0F-37EE-BE8A-549632F819F2} = {26441C9F-3F0F-37EE-BE8A-549632F819F2}
	EndProjectSection
EndProject
Project("{8BC9CEB8-8B4A-11D0-8D11-00A0C91BC942}") = "PhysX", "..\sdk_source_bin\PhysX.vcxproj", "{8540AD1D-FF71-30E0-9C76-E58A31047976}"
	ProjectSection(ProjectDependencies) = postProject
		{AEEE7DA4-BA6A-3727-94CD-8778A74B71AB} = {AEEE7DA4-BA6A-3727-94CD-8778A74B71AB}
		{CFBDE9D4-312E-3574-A4EE-CA1357A6566F} = {CFBDE9D4-312E-3574-A4EE-CA1357A6566F}
		{26BA929D-0E0D-3FBD-ACD8-B437B5A1327F} = {26BA929D-0E0D-3FBD-ACD8-B437B5A1327F}
		{88ECA1EC-DA34-39C5-AB21-D1C5B3C280D5} = {88ECA1EC-DA34-39C5-AB21-D1C5B3C280D5}
		{FFB2A466-5CD7-3987-A853-6C317AEFAE84} = {FFB2A466-5CD7-3987-A853-6C317AEFAE84}
		{6E2D85F7-CC5D-377A-85B1-37E902A76394} = {6E2D85F7-CC5D-377A-85B1-37E902A76394}
		{FC16D007-ACA4-3A63-948E-A878C3FF7938} = {FC16D007-ACA4-3A63-948E-A878C3FF7938}
		{F9182345-0E36-395A-99F1-369F7E5A4D8F} = {F9182345-0E36-395A-99F1-369F7E5A4D8F}
		{A03AFEB4-E386-3704-8037-C4575CBA0EC7} = {A03AFEB4-E386-3704-8037-C4575CBA0EC7}
		{26441C9F-3F0F-37EE-BE8A-549632F819F2} = {26441C9F-3F0F-37EE-BE8A-549632F819F2}
	EndProjectSection
EndProject
Project("{8BC9CEB8-8B4A-11D0-8D11-00A0C91BC942}") = "PhysXCharacterKinematic", "..\sdk_source_bin\PhysXCharacterKinematic.vcxproj", "{D2597F43-1528-3A36-B521-97AB6B50CB63}"
	ProjectSection(ProjectDependencies) = postProject
		{FFB2A466-5CD7-3987-A853-6C317AEFAE84} = {FFB2A466-5CD7-3987-A853-6C317AEFAE84}
		{26441C9F-3F0F-37EE-BE8A-549632F819F2} = {26441C9F-3F0F-37EE-BE8A-549632F819F2}
	EndProjectSection
EndProject
Project("{8BC9CEB8-8B4A-11D0-8D11-00A0C91BC942}") = "PhysXCommon", "..\sdk_source_bin\PhysXCommon.vcxproj", "{88ECA1EC-DA34-39C5-AB21-D1C5B3C280D5}"
	ProjectSection(ProjectDependencies) = postProject
		{FFB2A466-5CD7-3987-A853-6C317AEFAE84} = {FFB2A466-5CD7-3987-A853-6C317AEFAE84}
		{26441C9F-3F0F-37EE-BE8A-549632F819F2} = {26441C9F-3F0F-37EE-BE8A-549632F819F2}
	EndProjectSection
EndProject
Project("{8BC9CEB8-8B4A-11D0-8D11-00A0C91BC942}") = "PhysXCooking", "..\sdk_source_bin\PhysXCooking.vcxproj", "{9E6A19D1-21EA-3CE6-836C-776DCCF38FAF}"
	ProjectSection(ProjectDependencies) = postProject
		{88ECA1EC-DA34-39C5-AB21-D1C5B3C280D5} = {88ECA1EC-DA34-39C5-AB21-D1C5B3C280D5}
		{FFB2A466-5CD7-3987-A853-6C317AEFAE84} = {FFB2A466-5CD7-3987-A853-6C317AEFAE84}
		{26441C9F-3F0F-37EE-BE8A-549632F819F2} = {26441C9F-3F0F-37EE-BE8A-549632F819F2}
	EndProjectSection
EndProject
Project("{8BC9CEB8-8B4A-11D0-8D11-00A0C91BC942}") = "PhysXExtensions", "..\sdk_source_bin\PhysXExtensions.vcxproj", "{840CCD4F-5330-3C44-A7C6-CC32AE28DD65}"
	ProjectSection(ProjectDependencies) = postProject
		{8E9A4EF3-2EFC-3A39-8CAF-28657AE0A24B} = {8E9A4EF3-2EFC-3A39-8CAF-28657AE0A24B}
		{8540AD1D-FF71-30E0-9C76-E58A31047976} = {8540AD1D-FF71-30E0-9C76-E58A31047976}
		{FFB2A466-5CD7-3987-A853-6C317AEFAE84} = {FFB2A466-5CD7-3987-A853-6C317AEFAE84}
		{6E2D85F7-CC5D-377A-85B1-37E902A76394} = {6E2D85F7-CC5D-377A-85B1-37E902A76394}
		{26441C9F-3F0F-37EE-BE8A-549632F819F2} = {26441C9F-3F0F-37EE-BE8A-549632F819F2}
	EndProjectSection
EndProject
Project("{8BC9CEB8-8B4A-11D0-8D11-00A0C91BC942}") = "PhysXFoundation", "..\sdk_source_bin\PhysXFoundation.vcxproj", "{FFB2A466-5CD7-3987-A853-6C317AEFAE84}"
	ProjectSection(ProjectDependencies) = postProject
		{26441C9F-3F0F-37EE-BE8A-549632F819F2} = {26441C9F-3F0F-37EE-BE8A-549632F819F2}
	EndProjectSection
EndProject
Project("{8BC9CEB8-8B4A-11D0-8D11-00A0C91BC942}") = "PhysXPvdSDK", "..\sdk_source_bin\PhysXPvdSDK.vcxproj", "{6E2D85F7-CC5D-377A-85B1-37E902A76394}"
	ProjectSection(ProjectDependencies) = postProject
		{FFB2A466-5CD7-3987-A853-6C317AEFAE84} = {FFB2A466-5CD7-3987-A853-6C317AEFAE84}
		{26441C9F-3F0F-37EE-BE8A-549632F819F2} = {26441C9F-3F0F-37EE-BE8A-549632F819F2}
	EndProjectSection
EndProject
Project("{8BC9CEB8-8B4A-11D0-8D11-00A0C91BC942}") = "PhysXTask", "..\sdk_source_bin\PhysXTask.vcxproj", "{FC16D007-ACA4-3A63-948E-A878C3FF7938}"
	ProjectSection(ProjectDependencies) = postProject
		{26441C9F-3F0F-37EE-BE8A-549632F819F2} = {26441C9F-3F0F-37EE-BE8A-549632F819F2}
	EndProjectSection
EndProject
Project("{8BC9CEB8-8B4A-11D0-8D11-00A0C91BC942}") = "PhysXVehicle", "..\sdk_source_bin\PhysXVehicle.vcxproj", "{E2E65E9F-78FC-32D0-B656-3A478EC682D8}"
	ProjectSection(ProjectDependencies) = postProject
		{FFB2A466-5CD7-3987-A853-6C317AEFAE84} = {FFB2A466-5CD7-3987-A853-6C317AEFAE84}
		{6E2D85F7-CC5D-377A-85B1-37E902A76394} = {6E2D85F7-CC5D-377A-85B1-37E902A76394}
		{26441C9F-3F0F-37EE-BE8A-549632F819F2} = {26441C9F-3F0F-37EE-BE8A-549632F819F2}
	EndProjectSection
EndProject
Project("{8BC9CEB8-8B4A-11D0-8D11-00A0C91BC942}") = "SceneQuery", "..\sdk_source_bin\SceneQuery.vcxproj", "{F9182345-0E36-395A-99F1-369F7E5A4D8F}"
	ProjectSection(ProjectDependencies) = postProject
		{26441C9F-3F0F-37EE-BE8A-549632F819F2} = {26441C9F-3F0F-37EE-BE8A-549632F819F2}
	EndProjectSection
EndProject
Project("{8BC9CEB8-8B4A-11D0-8D11-00A0C91BC942}") = "SimulationController", "..\sdk_source_bin\SimulationController.vcxproj", "{A03AFEB4-E386-3704-8037-C4575CBA0EC7}"
	ProjectSection(ProjectDependencies) = postProject
		{26441C9F-3F0F-37EE-BE8A-549632F819F2} = {26441C9F-3F0F-37EE-BE8A-549632F819F2}
	EndProjectSection
EndProject
Project("{8BC9CEB8-8B4A-11D0-8D11-00A0C91BC942}") = "SnippetArticulation", "SnippetArticulation.vcxproj", "{4FE788E2-CC8A-3AD3-8D3A-772069AC02D4}"
	ProjectSection(ProjectDependencies) = postProject
		{8540AD1D-FF71-30E0-9C76-E58A31047976} = {8540AD1D-FF71-30E0-9C76-E58A31047976}
		{D2597F43-1528-3A36-B521-97AB6B50CB63} = {D2597F43-1528-3A36-B521-97AB6B50CB63}
		{88ECA1EC-DA34-39C5-AB21-D1C5B3C280D5} = {88ECA1EC-DA34-39C5-AB21-D1C5B3C280D5}
		{9E6A19D1-21EA-3CE6-836C-776DCCF38FAF} = {9E6A19D1-21EA-3CE6-836C-776DCCF38FAF}
		{840CCD4F-5330-3C44-A7C6-CC32AE28DD65} = {840CCD4F-5330-3C44-A7C6-CC32AE28DD65}
		{FFB2A466-5CD7-3987-A853-6C317AEFAE84} = {FFB2A466-5CD7-3987-A853-6C317AEFAE84}
		{6E2D85F7-CC5D-377A-85B1-37E902A76394} = {6E2D85F7-CC5D-377A-85B1-37E902A76394}
		{E2E65E9F-78FC-32D0-B656-3A478EC682D8} = {E2E65E9F-78FC-32D0-B656-3A478EC682D8}
		{CB98888E-1BC9-3E17-AC12-5787DF3D877D} = {CB98888E-1BC9-3E17-AC12-5787DF3D877D}
		{82BC2E93-034D-3A6D-983D-4AB591E62738} = {82BC2E93-034D-3A6D-983D-4AB591E62738}
		{26441C9F-3F0F-37EE-BE8A-549632F819F2} = {26441C9F-3F0F-37EE-BE8A-549632F819F2}
	EndProjectSection
EndProject
Project("{8BC9CEB8-8B4A-11D0-8D11-00A0C91BC942}") = "SnippetBVHStructure", "SnippetBVHStructure.vcxproj", "{F0873EAB-8ADA-345F-92BC-5DBB110F61AA}"
	ProjectSection(ProjectDependencies) = postProject
		{8540AD1D-FF71-30E0-9C76-E58A31047976} = {8540AD1D-FF71-30E0-9C76-E58A31047976}
		{D2597F43-1528-3A36-B521-97AB6B50CB63} = {D2597F43-1528-3A36-B521-97AB6B50CB63}
		{88ECA1EC-DA34-39C5-AB21-D1C5B3C280D5} = {88ECA1EC-DA34-39C5-AB21-D1C5B3C280D5}
		{9E6A19D1-21EA-3CE6-836C-776DCCF38FAF} = {9E6A19D1-21EA-3CE6-836C-776DCCF38FAF}
		{840CCD4F-5330-3C44-A7C6-CC32AE28DD65} = {840CCD4F-5330-3C44-A7C6-CC32AE28DD65}
		{FFB2A466-5CD7-3987-A853-6C317AEFAE84} = {FFB2A466-5CD7-3987-A853-6C317AEFAE84}
		{6E2D85F7-CC5D-377A-85B1-37E902A76394} = {6E2D85F7-CC5D-377A-85B1-37E902A76394}
		{E2E65E9F-78FC-32D0-B656-3A478EC682D8} = {E2E65E9F-78FC-32D0-B656-3A478EC682D8}
		{CB98888E-1BC9-3E17-AC12-5787DF3D877D} = {CB98888E-1BC9-3E17-AC12-5787DF3D877D}
		{82BC2E93-034D-3A6D-983D-4AB591E62738} = {82BC2E93-034D-3A6D-983D-4AB591E62738}
		{26441C9F-3F0F-37EE-BE8A-549632F819F2} = {26441C9F-3F0F-37EE-BE8A-549632F819F2}
	EndProjectSection
EndProject
Project("{8BC9CEB8-8B4A-11D0-8D11-00A0C91BC942}") = "SnippetContactModification", "SnippetContactModification.vcxproj", "{E20AF339-3277-358A-8FAD-621B5584CBEA}"
	ProjectSection(ProjectDependencies) = postProject
		{8540AD1D-FF71-30E0-9C76-E58A31047976} = {8540AD1D-FF71-30E0-9C76-E58A31047976}
		{D2597F43-1528-3A36-B521-97AB6B50CB63} = {D2597F43-1528-3A36-B521-97AB6B50CB63}
		{88ECA1EC-DA34-39C5-AB21-D1C5B3C280D5} = {88ECA1EC-DA34-39C5-AB21-D1C5B3C280D5}
		{9E6A19D1-21EA-3CE6-836C-776DCCF38FAF} = {9E6A19D1-21EA-3CE6-836C-776DCCF38FAF}
		{840CCD4F-5330-3C44-A7C6-CC32AE28DD65} = {840CCD4F-5330-3C44-A7C6-CC32AE28DD65}
		{FFB2A466-5CD7-3987-A853-6C317AEFAE84} = {FFB2A466-5CD7-3987-A853-6C317AEFAE84}
		{6E2D85F7-CC5D-377A-85B1-37E902A76394} = {6E2D85F7-CC5D-377A-85B1-37E902A76394}
		{E2E65E9F-78FC-32D0-B656-3A478EC682D8} = {E2E65E9F-78FC-32D0-B656-3A478EC682D8}
		{CB98888E-1BC9-3E17-AC12-5787DF3D877D} = {CB98888E-1BC9-3E17-AC12-5787DF3D877D}
		{82BC2E93-034D-3A6D-983D-4AB591E62738} = {82BC2E93-034D-3A6D-983D-4AB591E62738}
		{26441C9F-3F0F-37EE-BE8A-549632F819F2} = {26441C9F-3F0F-37EE-BE8A-549632F819F2}
	EndProjectSection
EndProject
Project("{8BC9CEB8-8B4A-11D0-8D11-00A0C91BC942}") = "SnippetContactReport", "SnippetContactReport.vcxproj", "{1402E383-AB6F-3A83-987C-17E11E74EF17}"
	ProjectSection(ProjectDependencies) = postProject
		{8540AD1D-FF71-30E0-9C76-E58A31047976} = {8540AD1D-FF71-30E0-9C76-E58A31047976}
		{D2597F43-1528-3A36-B521-97AB6B50CB63} = {D2597F43-1528-3A36-B521-97AB6B50CB63}
		{88ECA1EC-DA34-39C5-AB21-D1C5B3C280D5} = {88ECA1EC-DA34-39C5-AB21-D1C5B3C280D5}
		{9E6A19D1-21EA-3CE6-836C-776DCCF38FAF} = {9E6A19D1-21EA-3CE6-836C-776DCCF38FAF}
		{840CCD4F-5330-3C44-A7C6-CC32AE28DD65} = {840CCD4F-5330-3C44-A7C6-CC32AE28DD65}
		{FFB2A466-5CD7-3987-A853-6C317AEFAE84} = {FFB2A466-5CD7-3987-A853-6C317AEFAE84}
		{6E2D85F7-CC5D-377A-85B1-37E902A76394} = {6E2D85F7-CC5D-377A-85B1-37E902A76394}
		{E2E65E9F-78FC-32D0-B656-3A478EC682D8} = {E2E65E9F-78FC-32D0-B656-3A478EC682D8}
		{CB98888E-1BC9-3E17-AC12-5787DF3D877D} = {CB98888E-1BC9-3E17-AC12-5787DF3D877D}
		{82BC2E93-034D-3A6D-983D-4AB591E62738} = {82BC2E93-034D-3A6D-983D-4AB591E62738}
		{26441C9F-3F0F-37EE-BE8A-549632F819F2} = {26441C9F-3F0F-37EE-BE8A-549632F819F2}
	EndProjectSection
EndProject
Project("{8BC9CEB8-8B4A-11D0-8D11-00A0C91BC942}") = "SnippetContactReportCCD", "SnippetContactReportCCD.vcxproj", "{307C6247-F455-3BC3-9734-5CA619F2D916}"
	ProjectSection(ProjectDependencies) = postProject
		{8540AD1D-FF71-30E0-9C76-E58A31047976} = {8540AD1D-FF71-30E0-9C76-E58A31047976}
		{D2597F43-1528-3A36-B521-97AB6B50CB63} = {D2597F43-1528-3A36-B521-97AB6B50CB63}
		{88ECA1EC-DA34-39C5-AB21-D1C5B3C280D5} = {88ECA1EC-DA34-39C5-AB21-D1C5B3C280D5}
		{9E6A19D1-21EA-3CE6-836C-776DCCF38FAF} = {9E6A19D1-21EA-3CE6-836C-776DCCF38FAF}
		{840CCD4F-5330-3C44-A7C6-CC32AE28DD65} = {840CCD4F-5330-3C44-A7C6-CC32AE28DD65}
		{FFB2A466-5CD7-3987-A853-6C317AEFAE84} = {FFB2A466-5CD7-3987-A853-6C317AEFAE84}
		{6E2D85F7-CC5D-377A-85B1-37E902A76394} = {6E2D85F7-CC5D-377A-85B1-37E902A76394}
		{E2E65E9F-78FC-32D0-B656-3A478EC682D8} = {E2E65E9F-78FC-32D0-B656-3A478EC682D8}
		{CB98888E-1BC9-3E17-AC12-5787DF3D877D} = {CB98888E-1BC9-3E17-AC12-5787DF3D877D}
		{82BC2E93-034D-3A6D-983D-4AB591E62738} = {82BC2E93-034D-3A6D-983D-4AB591E62738}
		{26441C9F-3F0F-37EE-BE8A-549632F819F2} = {26441C9F-3F0F-37EE-BE8A-549632F819F2}
	EndProjectSection
EndProject
Project("{8BC9CEB8-8B4A-11D0-8D11-00A0C91BC942}") = "SnippetConvert", "SnippetConvert.vcxproj", "{E6F1CD2F-0832-3FF5-A13C-3DAB6749D9E0}"
	ProjectSection(ProjectDependencies) = postProject
		{8540AD1D-FF71-30E0-9C76-E58A31047976} = {8540AD1D-FF71-30E0-9C76-E58A31047976}
		{D2597F43-1528-3A36-B521-97AB6B50CB63} = {D2597F43-1528-3A36-B521-97AB6B50CB63}
		{88ECA1EC-DA34-39C5-AB21-D1C5B3C280D5} = {88ECA1EC-DA34-39C5-AB21-D1C5B3C280D5}
		{9E6A19D1-21EA-3CE6-836C-776DCCF38FAF} = {9E6A19D1-21EA-3CE6-836C-776DCCF38FAF}
		{840CCD4F-5330-3C44-A7C6-CC32AE28DD65} = {840CCD4F-5330-3C44-A7C6-CC32AE28DD65}
		{FFB2A466-5CD7-3987-A853-6C317AEFAE84} = {FFB2A466-5CD7-3987-A853-6C317AEFAE84}
		{6E2D85F7-CC5D-377A-85B1-37E902A76394} = {6E2D85F7-CC5D-377A-85B1-37E902A76394}
		{E2E65E9F-78FC-32D0-B656-3A478EC682D8} = {E2E65E9F-78FC-32D0-B656-3A478EC682D8}
		{CB98888E-1BC9-3E17-AC12-5787DF3D877D} = {CB98888E-1BC9-3E17-AC12-5787DF3D877D}
		{82BC2E93-034D-3A6D-983D-4AB591E62738} = {82BC2E93-034D-3A6D-983D-4AB591E62738}
		{26441C9F-3F0F-37EE-BE8A-549632F819F2} = {26441C9F-3F0F-37EE-BE8A-549632F819F2}
	EndProjectSection
EndProject
Project("{8BC9CEB8-8B4A-11D0-8D11-00A0C91BC942}") = "SnippetConvexMeshCreate", "SnippetConvexMeshCreate.vcxproj", "{C13945F4-A289-3F9C-B8FE-DD7DB41C68D5}"
	ProjectSection(ProjectDependencies) = postProject
		{8540AD1D-FF71-30E0-9C76-E58A31047976} = {8540AD1D-FF71-30E0-9C76-E58A31047976}
		{D2597F43-1528-3A36-B521-97AB6B50CB63} = {D2597F43-1528-3A36-B521-97AB6B50CB63}
		{88ECA1EC-DA34-39C5-AB21-D1C5B3C280D5} = {88ECA1EC-DA34-39C5-AB21-D1C5B3C280D5}
		{9E6A19D1-21EA-3CE6-836C-776DCCF38FAF} = {9E6A19D1-21EA-3CE6-836C-776DCCF38FAF}
		{840CCD4F-5330-3C44-A7C6-CC32AE28DD65} = {840CCD4F-5330-3C44-A7C6-CC32AE28DD65}
		{FFB2A466-5CD7-3987-A853-6C317AEFAE84} = {FFB2A466-5CD7-3987-A853-6C317AEFAE84}
		{6E2D85F7-CC5D-377A-85B1-37E902A76394} = {6E2D85F7-CC5D-377A-85B1-37E902A76394}
		{E2E65E9F-78FC-32D0-B656-3A478EC682D8} = {E2E65E9F-78FC-32D0-B656-3A478EC682D8}
		{CB98888E-1BC9-3E17-AC12-5787DF3D877D} = {CB98888E-1BC9-3E17-AC12-5787DF3D877D}
		{82BC2E93-034D-3A6D-983D-4AB591E62738} = {82BC2E93-034D-3A6D-983D-4AB591E62738}
		{26441C9F-3F0F-37EE-BE8A-549632F819F2} = {26441C9F-3F0F-37EE-BE8A-549632F819F2}
	EndProjectSection
EndProject
Project("{8BC9CEB8-8B4A-11D0-8D11-00A0C91BC942}") = "SnippetCustomJoint", "SnippetCustomJoint.vcxproj", "{406568C5-F3D7-3992-AB21-4F0E9074A599}"
	ProjectSection(ProjectDependencies) = postProject
		{8540AD1D-FF71-30E0-9C76-E58A31047976} = {8540AD1D-FF71-30E0-9C76-E58A31047976}
		{D2597F43-1528-3A36-B521-97AB6B50CB63} = {D2597F43-1528-3A36-B521-97AB6B50CB63}
		{88ECA1EC-DA34-39C5-AB21-D1C5B3C280D5} = {88ECA1EC-DA34-39C5-AB21-D1C5B3C280D5}
		{9E6A19D1-21EA-3CE6-836C-776DCCF38FAF} = {9E6A19D1-21EA-3CE6-836C-776DCCF38FAF}
		{840CCD4F-5330-3C44-A7C6-CC32AE28DD65} = {840CCD4F-5330-3C44-A7C6-CC32AE28DD65}
		{FFB2A466-5CD7-3987-A853-6C317AEFAE84} = {FFB2A466-5CD7-3987-A853-6C317AEFAE84}
		{6E2D85F7-CC5D-377A-85B1-37E902A76394} = {6E2D85F7-CC5D-377A-85B1-37E902A76394}
		{E2E65E9F-78FC-32D0-B656-3A478EC682D8} = {E2E65E9F-78FC-32D0-B656-3A478EC682D8}
		{CB98888E-1BC9-3E17-AC12-5787DF3D877D} = {CB98888E-1BC9-3E17-AC12-5787DF3D877D}
		{82BC2E93-034D-3A6D-983D-4AB591E62738} = {82BC2E93-034D-3A6D-983D-4AB591E62738}
		{26441C9F-3F0F-37EE-BE8A-549632F819F2} = {26441C9F-3F0F-37EE-BE8A-549632F819F2}
	EndProjectSection
EndProject
Project("{8BC9CEB8-8B4A-11D0-8D11-00A0C91BC942}") = "SnippetCustomProfiler", "SnippetCustomProfiler.vcxproj", "{DCCDD39A-B24E-3607-AB1B-2942B2276ED8}"
	ProjectSection(ProjectDependencies) = postProject
		{8540AD1D-FF71-30E0-9C76-E58A31047976} = {8540AD1D-FF71-30E0-9C76-E58A31047976}
		{D2597F43-1528-3A36-B521-97AB6B50CB63} = {D2597F43-1528-3A36-B521-97AB6B50CB63}
		{88ECA1EC-DA34-39C5-AB21-D1C5B3C280D5} = {88ECA1EC-DA34-39C5-AB21-D1C5B3C280D5}
		{9E6A19D1-21EA-3CE6-836C-776DCCF38FAF} = {9E6A19D1-21EA-3CE6-836C-776DCCF38FAF}
		{840CCD4F-5330-3C44-A7C6-CC32AE28DD65} = {840CCD4F-5330-3C44-A7C6-CC32AE28DD65}
		{FFB2A466-5CD7-3987-A853-6C317AEFAE84} = {FFB2A466-5CD7-3987-A853-6C317AEFAE84}
		{6E2D85F7-CC5D-377A-85B1-37E902A76394} = {6E2D85F7-CC5D-377A-85B1-37E902A76394}
		{E2E65E9F-78FC-32D0-B656-3A478EC682D8} = {E2E65E9F-78FC-32D0-B656-3A478EC682D8}
		{CB98888E-1BC9-3E17-AC12-5787DF3D877D} = {CB98888E-1BC9-3E17-AC12-5787DF3D877D}
		{82BC2E93-034D-3A6D-983D-4AB591E62738} = {82BC2E93-034D-3A6D-983D-4AB591E62738}
		{26441C9F-3F0F-37EE-BE8A-549632F819F2} = {26441C9F-3F0F-37EE-BE8A-549632F819F2}
	EndProjectSection
EndProject
Project("{8BC9CEB8-8B4A-11D0-8D11-00A0C91BC942}") = "SnippetDeformableMesh", "SnippetDeformableMesh.vcxproj", "{5F86CC35-D626-3602-B9DC-4C580D1DF798}"
	ProjectSection(ProjectDependencies) = postProject
		{8540AD1D-FF71-30E0-9C76-E58A31047976} = {8540AD1D-FF71-30E0-9C76-E58A31047976}
		{D2597F43-1528-3A36-B521-97AB6B50CB63} = {D2597F43-1528-3A36-B521-97AB6B50CB63}
		{88ECA1EC-DA34-39C5-AB21-D1C5B3C280D5} = {88ECA1EC-DA34-39C5-AB21-D1C5B3C280D5}
		{9E6A19D1-21EA-3CE6-836C-776DCCF38FAF} = {9E6A19D1-21EA-3CE6-836C-776DCCF38FAF}
		{840CCD4F-5330-3C44-A7C6-CC32AE28DD65} = {840CCD4F-5330-3C44-A7C6-CC32AE28DD65}
		{FFB2A466-5CD7-3987-A853-6C317AEFAE84} = {FFB2A466-5CD7-3987-A853-6C317AEFAE84}
		{6E2D85F7-CC5D-377A-85B1-37E902A76394} = {6E2D85F7-CC5D-377A-85B1-37E902A76394}
		{E2E65E9F-78FC-32D0-B656-3A478EC682D8} = {E2E65E9F-78FC-32D0-B656-3A478EC682D8}
		{CB98888E-1BC9-3E17-AC12-5787DF3D877D} = {CB98888E-1BC9-3E17-AC12-5787DF3D877D}
		{82BC2E93-034D-3A6D-983D-4AB591E62738} = {82BC2E93-034D-3A6D-983D-4AB591E62738}
		{26441C9F-3F0F-37EE-BE8A-549632F819F2} = {26441C9F-3F0F-37EE-BE8A-549632F819F2}
	EndProjectSection
EndProject
Project("{8BC9CEB8-8B4A-11D0-8D11-00A0C91BC942}") = "SnippetDelayLoadHook", "SnippetDelayLoadHook.vcxproj", "{C22813EA-2278-3941-90FA-2A4D561CFDA2}"
	ProjectSection(ProjectDependencies) = postProject
		{8540AD1D-FF71-30E0-9C76-E58A31047976} = {8540AD1D-FF71-30E0-9C76-E58A31047976}
		{D2597F43-1528-3A36-B521-97AB6B50CB63} = {D2597F43-1528-3A36-B521-97AB6B50CB63}
		{88ECA1EC-DA34-39C5-AB21-D1C5B3C280D5} = {88ECA1EC-DA34-39C5-AB21-D1C5B3C280D5}
		{9E6A19D1-21EA-3CE6-836C-776DCCF38FAF} = {9E6A19D1-21EA-3CE6-836C-776DCCF38FAF}
		{840CCD4F-5330-3C44-A7C6-CC32AE28DD65} = {840CCD4F-5330-3C44-A7C6-CC32AE28DD65}
		{FFB2A466-5CD7-3987-A853-6C317AEFAE84} = {FFB2A466-5CD7-3987-A853-6C317AEFAE84}
		{6E2D85F7-CC5D-377A-85B1-37E902A76394} = {6E2D85F7-CC5D-377A-85B1-37E902A76394}
		{E2E65E9F-78FC-32D0-B656-3A478EC682D8} = {E2E65E9F-78FC-32D0-B656-3A478EC682D8}
		{CB98888E-1BC9-3E17-AC12-5787DF3D877D} = {CB98888E-1BC9-3E17-AC12-5787DF3D877D}
		{82BC2E93-034D-3A6D-983D-4AB591E62738} = {82BC2E93-034D-3A6D-983D-4AB591E62738}
		{26441C9F-3F0F-37EE-BE8A-549632F819F2} = {26441C9F-3F0F-37EE-BE8A-549632F819F2}
	EndProjectSection
EndProject
Project("{8BC9CEB8-8B4A-11D0-8D11-00A0C91BC942}") = "SnippetHelloGRB", "SnippetHelloGRB.vcxproj", "{BCEAAAD6-F7C9-3EFB-A62C-668422E79768}"
	ProjectSection(ProjectDependencies) = postProject
		{8540AD1D-FF71-30E0-9C76-E58A31047976} = {8540AD1D-FF71-30E0-9C76-E58A31047976}
		{D2597F43-1528-3A36-B521-97AB6B50CB63} = {D2597F43-1528-3A36-B521-97AB6B50CB63}
		{88ECA1EC-DA34-39C5-AB21-D1C5B3C280D5} = {88ECA1EC-DA34-39C5-AB21-D1C5B3C280D5}
		{9E6A19D1-21EA-3CE6-836C-776DCCF38FAF} = {9E6A19D1-21EA-3CE6-836C-776DCCF38FAF}
		{840CCD4F-5330-3C44-A7C6-CC32AE28DD65} = {840CCD4F-5330-3C44-A7C6-CC32AE28DD65}
		{FFB2A466-5CD7-3987-A853-6C317AEFAE84} = {FFB2A466-5CD7-3987-A853-6C317AEFAE84}
		{6E2D85F7-CC5D-377A-85B1-37E902A76394} = {6E2D85F7-CC5D-377A-85B1-37E902A76394}
		{E2E65E9F-78FC-32D0-B656-3A478EC682D8} = {E2E65E9F-78FC-32D0-B656-3A478EC682D8}
		{CB98888E-1BC9-3E17-AC12-5787DF3D877D} = {CB98888E-1BC9-3E17-AC12-5787DF3D877D}
		{82BC2E93-034D-3A6D-983D-4AB591E62738} = {82BC2E93-034D-3A6D-983D-4AB591E62738}
		{26441C9F-3F0F-37EE-BE8A-549632F819F2} = {26441C9F-3F0F-37EE-BE8A-549632F819F2}
	EndProjectSection
EndProject
Project("{8BC9CEB8-8B4A-11D0-8D11-00A0C91BC942}") = "SnippetHelloWorld", "SnippetHelloWorld.vcxproj", "{C0E1865E-3236-3B0F-B9CD-9A71BCCCE7AB}"
	ProjectSection(ProjectDependencies) = postProject
		{8540AD1D-FF71-30E0-9C76-E58A31047976} = {8540AD1D-FF71-30E0-9C76-E58A31047976}
		{D2597F43-1528-3A36-B521-97AB6B50CB63} = {D2597F43-1528-3A36-B521-97AB6B50CB63}
		{88ECA1EC-DA34-39C5-AB21-D1C5B3C280D5} = {88ECA1EC-DA34-39C5-AB21-D1C5B3C280D5}
		{9E6A19D1-21EA-3CE6-836C-776DCCF38FAF} = {9E6A19D1-21EA-3CE6-836C-776DCCF38FAF}
		{840CCD4F-5330-3C44-A7C6-CC32AE28DD65} = {840CCD4F-5330-3C44-A7C6-CC32AE28DD65}
		{FFB2A466-5CD7-3987-A853-6C317AEFAE84} = {FFB2A466-5CD7-3987-A853-6C317AEFAE84}
		{6E2D85F7-CC5D-377A-85B1-37E902A76394} = {6E2D85F7-CC5D-377A-85B1-37E902A76394}
		{E2E65E9F-78FC-32D0-B656-3A478EC682D8} = {E2E65E9F-78FC-32D0-B656-3A478EC682D8}
		{CB98888E-1BC9-3E17-AC12-5787DF3D877D} = {CB98888E-1BC9-3E17-AC12-5787DF3D877D}
		{82BC2E93-034D-3A6D-983D-4AB591E62738} = {82BC2E93-034D-3A6D-983D-4AB591E62738}
		{26441C9F-3F0F-37EE-BE8A-549632F819F2} = {26441C9F-3F0F-37EE-BE8A-549632F819F2}
	EndProjectSection
EndProject
Project("{8BC9CEB8-8B4A-11D0-8D11-00A0C91BC942}") = "SnippetImmediateArticulation", "SnippetImmediateArticulation.vcxproj", "{6BDA5110-192D-35D8-832B-4C3BA2B46CA9}"
	ProjectSection(ProjectDependencies) = postProject
		{8540AD1D-FF71-30E0-9C76-E58A31047976} = {8540AD1D-FF71-30E0-9C76-E58A31047976}
		{D2597F43-1528-3A36-B521-97AB6B50CB63} = {D2597F43-1528-3A36-B521-97AB6B50CB63}
		{88ECA1EC-DA34-39C5-AB21-D1C5B3C280D5} = {88ECA1EC-DA34-39C5-AB21-D1C5B3C280D5}
		{9E6A19D1-21EA-3CE6-836C-776DCCF38FAF} = {9E6A19D1-21EA-3CE6-836C-776DCCF38FAF}
		{840CCD4F-5330-3C44-A7C6-CC32AE28DD65} = {840CCD4F-5330-3C44-A7C6-CC32AE28DD65}
		{FFB2A466-5CD7-3987-A853-6C317AEFAE84} = {FFB2A466-5CD7-3987-A853-6C317AEFAE84}
		{6E2D85F7-CC5D-377A-85B1-37E902A76394} = {6E2D85F7-CC5D-377A-85B1-37E902A76394}
		{E2E65E9F-78FC-32D0-B656-3A478EC682D8} = {E2E65E9F-78FC-32D0-B656-3A478EC682D8}
		{CB98888E-1BC9-3E17-AC12-5787DF3D877D} = {CB98888E-1BC9-3E17-AC12-5787DF3D877D}
		{82BC2E93-034D-3A6D-983D-4AB591E62738} = {82BC2E93-034D-3A6D-983D-4AB591E62738}
		{26441C9F-3F0F-37EE-BE8A-549632F819F2} = {26441C9F-3F0F-37EE-BE8A-549632F819F2}
	EndProjectSection
EndProject
Project("{8BC9CEB8-8B4A-11D0-8D11-00A0C91BC942}") = "SnippetImmediateMode", "SnippetImmediateMode.vcxproj", "{8F0AB617-F353-3FD1-9366-26F385B628F8}"
	ProjectSection(ProjectDependencies) = postProject
		{8540AD1D-FF71-30E0-9C76-E58A31047976} = {8540AD1D-FF71-30E0-9C76-E58A31047976}
		{D2597F43-1528-3A36-B521-97AB6B50CB63} = {D2597F43-1528-3A36-B521-97AB6B50CB63}
		{88ECA1EC-DA34-39C5-AB21-D1C5B3C280D5} = {88ECA1EC-DA34-39C5-AB21-D1C5B3C280D5}
		{9E6A19D1-21EA-3CE6-836C-776DCCF38FAF} = {9E6A19D1-21EA-3CE6-836C-776DCCF38FAF}
		{840CCD4F-5330-3C44-A7C6-CC32AE28DD65} = {840CCD4F-5330-3C44-A7C6-CC32AE28DD65}
		{FFB2A466-5CD7-3987-A853-6C317AEFAE84} = {FFB2A466-5CD7-3987-A853-6C317AEFAE84}
		{6E2D85F7-CC5D-377A-85B1-37E902A76394} = {6E2D85F7-CC5D-377A-85B1-37E902A76394}
		{E2E65E9F-78FC-32D0-B656-3A478EC682D8} = {E2E65E9F-78FC-32D0-B656-3A478EC682D8}
		{CB98888E-1BC9-3E17-AC12-5787DF3D877D} = {CB98888E-1BC9-3E17-AC12-5787DF3D877D}
		{82BC2E93-034D-3A6D-983D-4AB591E62738} = {82BC2E93-034D-3A6D-983D-4AB591E62738}
		{26441C9F-3F0F-37EE-BE8A-549632F819F2} = {26441C9F-3F0F-37EE-BE8A-549632F819F2}
	EndProjectSection
EndProject
Project("{8BC9CEB8-8B4A-11D0-8D11-00A0C91BC942}") = "SnippetJoint", "SnippetJoint.vcxproj", "{5F9B2479-FA9E-353F-B327-8F28C33D45FE}"
	ProjectSection(ProjectDependencies) = postProject
		{8540AD1D-FF71-30E0-9C76-E58A31047976} = {8540AD1D-FF71-30E0-9C76-E58A31047976}
		{D2597F43-1528-3A36-B521-97AB6B50CB63} = {D2597F43-1528-3A36-B521-97AB6B50CB63}
		{88ECA1EC-DA34-39C5-AB21-D1C5B3C280D5} = {88ECA1EC-DA34-39C5-AB21-D1C5B3C280D5}
		{9E6A19D1-21EA-3CE6-836C-776DCCF38FAF} = {9E6A19D1-21EA-3CE6-836C-776DCCF38FAF}
		{840CCD4F-5330-3C44-A7C6-CC32AE28DD65} = {840CCD4F-5330-3C44-A7C6-CC32AE28DD65}
		{FFB2A466-5CD7-3987-A853-6C317AEFAE84} = {FFB2A466-5CD7-3987-A853-6C317AEFAE84}
		{6E2D85F7-CC5D-377A-85B1-37E902A76394} = {6E2D85F7-CC5D-377A-85B1-37E902A76394}
		{E2E65E9F-78FC-32D0-B656-3A478EC682D8} = {E2E65E9F-78FC-32D0-B656-3A478EC682D8}
		{CB98888E-1BC9-3E17-AC12-5787DF3D877D} = {CB98888E-1BC9-3E17-AC12-5787DF3D877D}
		{82BC2E93-034D-3A6D-983D-4AB591E62738} = {82BC2E93-034D-3A6D-983D-4AB591E62738}
		{26441C9F-3F0F-37EE-BE8A-549632F819F2} = {26441C9F-3F0F-37EE-BE8A-549632F819F2}
	EndProjectSection
EndProject
Project("{8BC9CEB8-8B4A-11D0-8D11-00A0C91BC942}") = "SnippetLoadCollection", "SnippetLoadCollection.vcxproj", "{6AFB941C-9EFC-384A-BBC9-BAD8E310AAB2}"
	ProjectSection(ProjectDependencies) = postProject
		{8540AD1D-FF71-30E0-9C76-E58A31047976} = {8540AD1D-FF71-30E0-9C76-E58A31047976}
		{D2597F43-1528-3A36-B521-97AB6B50CB63} = {D2597F43-1528-3A36-B521-97AB6B50CB63}
		{88ECA1EC-DA34-39C5-AB21-D1C5B3C280D5} = {88ECA1EC-DA34-39C5-AB21-D1C5B3C280D5}
		{9E6A19D1-21EA-3CE6-836C-776DCCF38FAF} = {9E6A19D1-21EA-3CE6-836C-776DCCF38FAF}
		{840CCD4F-5330-3C44-A7C6-CC32AE28DD65} = {840CCD4F-5330-3C44-A7C6-CC32AE28DD65}
		{FFB2A466-5CD7-3987-A853-6C317AEFAE84} = {FFB2A466-5CD7-3987-A853-6C317AEFAE84}
		{6E2D85F7-CC5D-377A-85B1-37E902A76394} = {6E2D85F7-CC5D-377A-85B1-37E902A76394}
		{E2E65E9F-78FC-32D0-B656-3A478EC682D8} = {E2E65E9F-78FC-32D0-B656-3A478EC682D8}
		{CB98888E-1BC9-3E17-AC12-5787DF3D877D} = {CB98888E-1BC9-3E17-AC12-5787DF3D877D}
		{82BC2E93-034D-3A6D-983D-4AB591E62738} = {82BC2E93-034D-3A6D-983D-4AB591E62738}
		{26441C9F-3F0F-37EE-BE8A-549632F819F2} = {26441C9F-3F0F-37EE-BE8A-549632F819F2}
	EndProjectSection
EndProject
Project("{8BC9CEB8-8B4A-11D0-8D11-00A0C91BC942}") = "SnippetMBP", "SnippetMBP.vcxproj", "{7447A18A-338E-37F9-9830-4258778C06A6}"
	ProjectSection(ProjectDependencies) = postProject
		{8540AD1D-FF71-30E0-9C76-E58A31047976} = {8540AD1D-FF71-30E0-9C76-E58A31047976}
		{D2597F43-1528-3A36-B521-97AB6B50CB63} = {D2597F43-1528-3A36-B521-97AB6B50CB63}
		{88ECA1EC-DA34-39C5-AB21-D1C5B3C280D5} = {88ECA1EC-DA34-39C5-AB21-D1C5B3C280D5}
		{9E6A19D1-21EA-3CE6-836C-776DCCF38FAF} = {9E6A19D1-21EA-3CE6-836C-776DCCF38FAF}
		{840CCD4F-5330-3C44-A7C6-CC32AE28DD65} = {840CCD4F-5330-3C44-A7C6-CC32AE28DD65}
		{FFB2A466-5CD7-3987-A853-6C317AEFAE84} = {FFB2A466-5CD7-3987-A853-6C317AEFAE84}
		{6E2D85F7-CC5D-377A-85B1-37E902A76394} = {6E2D85F7-CC5D-377A-85B1-37E902A76394}
		{E2E65E9F-78FC-32D0-B656-3A478EC682D8} = {E2E65E9F-78FC-32D0-B656-3A478EC682D8}
		{CB98888E-1BC9-3E17-AC12-5787DF3D877D} = {CB98888E-1BC9-3E17-AC12-5787DF3D877D}
		{82BC2E93-034D-3A6D-983D-4AB591E62738} = {82BC2E93-034D-3A6D-983D-4AB591E62738}
		{26441C9F-3F0F-37EE-BE8A-549632F819F2} = {26441C9F-3F0F-37EE-BE8A-549632F819F2}
	EndProjectSection
EndProject
Project("{8BC9CEB8-8B4A-11D0-8D11-00A0C91BC942}") = "SnippetMultiThreading", "SnippetMultiThreading.vcxproj", "{3214E8E7-BAD6-3011-8AB9-30D47AC90446}"
	ProjectSection(ProjectDependencies) = postProject
		{8540AD1D-FF71-30E0-9C76-E58A31047976} = {8540AD1D-FF71-30E0-9C76-E58A31047976}
		{D2597F43-1528-3A36-B521-97AB6B50CB63} = {D2597F43-1528-3A36-B521-97AB6B50CB63}
		{88ECA1EC-DA34-39C5-AB21-D1C5B3C280D5} = {88ECA1EC-DA34-39C5-AB21-D1C5B3C280D5}
		{9E6A19D1-21EA-3CE6-836C-776DCCF38FAF} = {9E6A19D1-21EA-3CE6-836C-776DCCF38FAF}
		{840CCD4F-5330-3C44-A7C6-CC32AE28DD65} = {840CCD4F-5330-3C44-A7C6-CC32AE28DD65}
		{FFB2A466-5CD7-3987-A853-6C317AEFAE84} = {FFB2A466-5CD7-3987-A853-6C317AEFAE84}
		{6E2D85F7-CC5D-377A-85B1-37E902A76394} = {6E2D85F7-CC5D-377A-85B1-37E902A76394}
		{E2E65E9F-78FC-32D0-B656-3A478EC682D8} = {E2E65E9F-78FC-32D0-B656-3A478EC682D8}
		{CB98888E-1BC9-3E17-AC12-5787DF3D877D} = {CB98888E-1BC9-3E17-AC12-5787DF3D877D}
		{82BC2E93-034D-3A6D-983D-4AB591E62738} = {82BC2E93-034D-3A6D-983D-4AB591E62738}
		{26441C9F-3F0F-37EE-BE8A-549632F819F2} = {26441C9F-3F0F-37EE-BE8A-549632F819F2}
	EndProjectSection
EndProject
Project("{8BC9CEB8-8B4A-11D0-8D11-00A0C91BC942}") = "SnippetNestedScene", "SnippetNestedScene.vcxproj", "{1C1142DD-1D96-348D-A3CB-756B8B730175}"
	ProjectSection(ProjectDependencies) = postProject
		{8540AD1D-FF71-30E0-9C76-E58A31047976} = {8540AD1D-FF71-30E0-9C76-E58A31047976}
		{D2597F43-1528-3A36-B521-97AB6B50CB63} = {D2597F43-1528-3A36-B521-97AB6B50CB63}
		{88ECA1EC-DA34-39C5-AB21-D1C5B3C280D5} = {88ECA1EC-DA34-39C5-AB21-D1C5B3C280D5}
		{9E6A19D1-21EA-3CE6-836C-776DCCF38FAF} = {9E6A19D1-21EA-3CE6-836C-776DCCF38FAF}
		{840CCD4F-5330-3C44-A7C6-CC32AE28DD65} = {840CCD4F-5330-3C44-A7C6-CC32AE28DD65}
		{FFB2A466-5CD7-3987-A853-6C317AEFAE84} = {FFB2A466-5CD7-3987-A853-6C317AEFAE84}
		{6E2D85F7-CC5D-377A-85B1-37E902A76394} = {6E2D85F7-CC5D-377A-85B1-37E902A76394}
		{FC16D007-ACA4-3A63-948E-A878C3FF7938} = {FC16D007-ACA4-3A63-948E-A878C3FF7938}
		{E2E65E9F-78FC-32D0-B656-3A478EC682D8} = {E2E65E9F-78FC-32D0-B656-3A478EC682D8}
		{CB98888E-1BC9-3E17-AC12-5787DF3D877D} = {CB98888E-1BC9-3E17-AC12-5787DF3D877D}
		{82BC2E93-034D-3A6D-983D-4AB591E62738} = {82BC2E93-034D-3A6D-983D-4AB591E62738}
		{26441C9F-3F0F-37EE-BE8A-549632F819F2} = {26441C9F-3F0F-37EE-BE8A-549632F819F2}
	EndProjectSection
EndProject
Project("{8BC9CEB8-8B4A-11D0-8D11-00A0C91BC942}") = "SnippetPrunerSerialization", "SnippetPrunerSerialization.vcxproj", "{EF272738-340A-364C-BD94-DFFC201E70A1}"
	ProjectSection(ProjectDependencies) = postProject
		{8540AD1D-FF71-30E0-9C76-E58A31047976} = {8540AD1D-FF71-30E0-9C76-E58A31047976}
		{D2597F43-1528-3A36-B521-97AB6B50CB63} = {D2597F43-1528-3A36-B521-97AB6B50CB63}
		{88ECA1EC-DA34-39C5-AB21-D1C5B3C280D5} = {88ECA1EC-DA34-39C5-AB21-D1C5B3C280D5}
		{9E6A19D1-21EA-3CE6-836C-776DCCF38FAF} = {9E6A19D1-21EA-3CE6-836C-776DCCF38FAF}
		{840CCD4F-5330-3C44-A7C6-CC32AE28DD65} = {840CCD4F-5330-3C44-A7C6-CC32AE28DD65}
		{FFB2A466-5CD7-3987-A853-6C317AEFAE84} = {FFB2A466-5CD7-3987-A853-6C317AEFAE84}
		{6E2D85F7-CC5D-377A-85B1-37E902A76394} = {6E2D85F7-CC5D-377A-85B1-37E902A76394}
		{E2E65E9F-78FC-32D0-B656-3A478EC682D8} = {E2E65E9F-78FC-32D0-B656-3A478EC682D8}
		{CB98888E-1BC9-3E17-AC12-5787DF3D877D} = {CB98888E-1BC9-3E17-AC12-5787DF3D877D}
		{82BC2E93-034D-3A6D-983D-4AB591E62738} = {82BC2E93-034D-3A6D-983D-4AB591E62738}
		{26441C9F-3F0F-37EE-BE8A-549632F819F2} = {26441C9F-3F0F-37EE-BE8A-549632F819F2}
	EndProjectSection
EndProject
Project("{8BC9CEB8-8B4A-11D0-8D11-00A0C91BC942}") = "SnippetRaycastCCD", "SnippetRaycastCCD.vcxproj", "{D6979BDE-C574-3CBB-BC45-1BCAA6F13A39}"
	ProjectSection(ProjectDependencies) = postProject
		{8540AD1D-FF71-30E0-9C76-E58A31047976} = {8540AD1D-FF71-30E0-9C76-E58A31047976}
		{D2597F43-1528-3A36-B521-97AB6B50CB63} = {D2597F43-1528-3A36-B521-97AB6B50CB63}
		{88ECA1EC-DA34-39C5-AB21-D1C5B3C280D5} = {88ECA1EC-DA34-39C5-AB21-D1C5B3C280D5}
		{9E6A19D1-21EA-3CE6-836C-776DCCF38FAF} = {9E6A19D1-21EA-3CE6-836C-776DCCF38FAF}
		{840CCD4F-5330-3C44-A7C6-CC32AE28DD65} = {840CCD4F-5330-3C44-A7C6-CC32AE28DD65}
		{FFB2A466-5CD7-3987-A853-6C317AEFAE84} = {FFB2A466-5CD7-3987-A853-6C317AEFAE84}
		{6E2D85F7-CC5D-377A-85B1-37E902A76394} = {6E2D85F7-CC5D-377A-85B1-37E902A76394}
		{E2E65E9F-78FC-32D0-B656-3A478EC682D8} = {E2E65E9F-78FC-32D0-B656-3A478EC682D8}
		{CB98888E-1BC9-3E17-AC12-5787DF3D877D} = {CB98888E-1BC9-3E17-AC12-5787DF3D877D}
		{82BC2E93-034D-3A6D-983D-4AB591E62738} = {82BC2E93-034D-3A6D-983D-4AB591E62738}
		{26441C9F-3F0F-37EE-BE8A-549632F819F2} = {26441C9F-3F0F-37EE-BE8A-549632F819F2}
	EndProjectSection
EndProject
Project("{8BC9CEB8-8B4A-11D0-8D11-00A0C91BC942}") = "SnippetRender", "SnippetRender.vcxproj", "{CB98888E-1BC9-3E17-AC12-5787DF3D877D}"
	ProjectSection(ProjectDependencies) = postProject
		{FFB2A466-5CD7-3987-A853-6C317AEFAE84} = {FFB2A466-5CD7-3987-A853-6C317AEFAE84}
		{26441C9F-3F0F-37EE-BE8A-549632F819F2} = {26441C9F-3F0F-37EE-BE8A-549632F819F2}
	EndProjectSection
EndProject
Project("{8BC9CEB8-8B4A-11D0-8D11-00A0C91BC942}") = "SnippetSerialization", "SnippetSerialization.vcxproj", "{EB38C670-7F56-3FF3-8C8D-6822622A963A}"
	ProjectSection(ProjectDependencies) = postProject
		{8540AD1D-FF71-30E0-9C76-E58A31047976} = {8540AD1D-FF71-30E0-9C76-E58A31047976}
		{D2597F43-1528-3A36-B521-97AB6B50CB63} = {D2597F43-1528-3A36-B521-97AB6B50CB63}
		{88ECA1EC-DA34-39C5-AB21-D1C5B3C280D5} = {88ECA1EC-DA34-39C5-AB21-D1C5B3C280D5}
		{9E6A19D1-21EA-3CE6-836C-776DCCF38FAF} = {9E6A19D1-21EA-3CE6-836C-776DCCF38FAF}
		{840CCD4F-5330-3C44-A7C6-CC32AE28DD65} = {840CCD4F-5330-3C44-A7C6-CC32AE28DD65}
		{FFB2A466-5CD7-3987-A853-6C317AEFAE84} = {FFB2A466-5CD7-3987-A853-6C317AEFAE84}
		{6E2D85F7-CC5D-377A-85B1-37E902A76394} = {6E2D85F7-CC5D-377A-85B1-37E902A76394}
		{E2E65E9F-78FC-32D0-B656-3A478EC682D8} = {E2E65E9F-78FC-32D0-B656-3A478EC682D8}
		{CB98888E-1BC9-3E17-AC12-5787DF3D877D} = {CB98888E-1BC9-3E17-AC12-5787DF3D877D}
		{82BC2E93-034D-3A6D-983D-4AB591E62738} = {82BC2E93-034D-3A6D-983D-4AB591E62738}
		{26441C9F-3F0F-37EE-BE8A-549632F819F2} = {26441C9F-3F0F-37EE-BE8A-549632F819F2}
	EndProjectSection
EndProject
Project("{8BC9CEB8-8B4A-11D0-8D11-00A0C91BC942}") = "SnippetSplitFetchResults", "SnippetSplitFetchResults.vcxproj", "{3E58682F-DF6E-37C5-87F7-9BDFC9DD7B92}"
	ProjectSection(ProjectDependencies) = postProject
		{8540AD1D-FF71-30E0-9C76-E58A31047976} = {8540AD1D-FF71-30E0-9C76-E58A31047976}
		{D2597F43-1528-3A36-B521-97AB6B50CB63} = {D2597F43-1528-3A36-B521-97AB6B50CB63}
		{88ECA1EC-DA34-39C5-AB21-D1C5B3C280D5} = {88ECA1EC-DA34-39C5-AB21-D1C5B3C280D5}
		{9E6A19D1-21EA-3CE6-836C-776DCCF38FAF} = {9E6A19D1-21EA-3CE6-836C-776DCCF38FAF}
		{840CCD4F-5330-3C44-A7C6-CC32AE28DD65} = {840CCD4F-5330-3C44-A7C6-CC32AE28DD65}
		{FFB2A466-5CD7-3987-A853-6C317AEFAE84} = {FFB2A466-5CD7-3987-A853-6C317AEFAE84}
		{6E2D85F7-CC5D-377A-85B1-37E902A76394} = {6E2D85F7-CC5D-377A-85B1-37E902A76394}
		{E2E65E9F-78FC-32D0-B656-3A478EC682D8} = {E2E65E9F-78FC-32D0-B656-3A478EC682D8}
		{CB98888E-1BC9-3E17-AC12-5787DF3D877D} = {CB98888E-1BC9-3E17-AC12-5787DF3D877D}
		{82BC2E93-034D-3A6D-983D-4AB591E62738} = {82BC2E93-034D-3A6D-983D-4AB591E62738}
		{26441C9F-3F0F-37EE-BE8A-549632F819F2} = {26441C9F-3F0F-37EE-BE8A-549632F819F2}
	EndProjectSection
EndProject
Project("{8BC9CEB8-8B4A-11D0-8D11-00A0C91BC942}") = "SnippetSplitSim", "SnippetSplitSim.vcxproj", "{3E8C2C5A-6A80-38EB-A079-40EBF30C4E71}"
	ProjectSection(ProjectDependencies) = postProject
		{8540AD1D-FF71-30E0-9C76-E58A31047976} = {8540AD1D-FF71-30E0-9C76-E58A31047976}
		{D2597F43-1528-3A36-B521-97AB6B50CB63} = {D2597F43-1528-3A36-B521-97AB6B50CB63}
		{88ECA1EC-DA34-39C5-AB21-D1C5B3C280D5} = {88ECA1EC-DA34-39C5-AB21-D1C5B3C280D5}
		{9E6A19D1-21EA-3CE6-836C-776DCCF38FAF} = {9E6A19D1-21EA-3CE6-836C-776DCCF38FAF}
		{840CCD4F-5330-3C44-A7C6-CC32AE28DD65} = {840CCD4F-5330-3C44-A7C6-CC32AE28DD65}
		{FFB2A466-5CD7-3987-A853-6C317AEFAE84} = {FFB2A466-5CD7-3987-A853-6C317AEFAE84}
		{6E2D85F7-CC5D-377A-85B1-37E902A76394} = {6E2D85F7-CC5D-377A-85B1-37E902A76394}
		{E2E65E9F-78FC-32D0-B656-3A478EC682D8} = {E2E65E9F-78FC-32D0-B656-3A478EC682D8}
		{CB98888E-1BC9-3E17-AC12-5787DF3D877D} = {CB98888E-1BC9-3E17-AC12-5787DF3D877D}
		{82BC2E93-034D-3A6D-983D-4AB591E62738} = {82BC2E93-034D-3A6D-983D-4AB591E62738}
		{26441C9F-3F0F-37EE-BE8A-549632F819F2} = {26441C9F-3F0F-37EE-BE8A-549632F819F2}
	EndProjectSection
EndProject
Project("{8BC9CEB8-8B4A-11D0-8D11-00A0C91BC942}") = "SnippetStepper", "SnippetStepper.vcxproj", "{C790B097-BC81-3ABC-8211-62B62DF69D39}"
	ProjectSection(ProjectDependencies) = postProject
		{8540AD1D-FF71-30E0-9C76-E58A31047976} = {8540AD1D-FF71-30E0-9C76-E58A31047976}
		{D2597F43-1528-3A36-B521-97AB6B50CB63} = {D2597F43-1528-3A36-B521-97AB6B50CB63}
		{88ECA1EC-DA34-39C5-AB21-D1C5B3C280D5} = {88ECA1EC-DA34-39C5-AB21-D1C5B3C280D5}
		{9E6A19D1-21EA-3CE6-836C-776DCCF38FAF} = {9E6A19D1-21EA-3CE6-836C-776DCCF38FAF}
		{840CCD4F-5330-3C44-A7C6-CC32AE28DD65} = {840CCD4F-5330-3C44-A7C6-CC32AE28DD65}
		{FFB2A466-5CD7-3987-A853-6C317AEFAE84} = {FFB2A466-5CD7-3987-A853-6C317AEFAE84}
		{6E2D85F7-CC5D-377A-85B1-37E902A76394} = {6E2D85F7-CC5D-377A-85B1-37E902A76394}
		{E2E65E9F-78FC-32D0-B656-3A478EC682D8} = {E2E65E9F-78FC-32D0-B656-3A478EC682D8}
		{CB98888E-1BC9-3E17-AC12-5787DF3D877D} = {CB98888E-1BC9-3E17-AC12-5787DF3D877D}
		{82BC2E93-034D-3A6D-983D-4AB591E62738} = {82BC2E93-034D-3A6D-983D-4AB591E62738}
		{26441C9F-3F0F-37EE-BE8A-549632F819F2} = {26441C9F-3F0F-37EE-BE8A-549632F819F2}
	EndProjectSection
EndProject
Project("{8BC9CEB8-8B4A-11D0-8D11-00A0C91BC942}") = "SnippetToleranceScale", "SnippetToleranceScale.vcxproj", "{A8C66CC8-F027-3587-B616-C5517D123AB9}"
	ProjectSection(ProjectDependencies) = postProject
		{8540AD1D-FF71-30E0-9C76-E58A31047976} = {8540AD1D-FF71-30E0-9C76-E58A31047976}
		{D2597F43-1528-3A36-B521-97AB6B50CB63} = {D2597F43-1528-3A36-B521-97AB6B50CB63}
		{88ECA1EC-DA34-39C5-AB21-D1C5B3C280D5} = {88ECA1EC-DA34-39C5-AB21-D1C5B3C280D5}
		{9E6A19D1-21EA-3CE6-836C-776DCCF38FAF} = {9E6A19D1-21EA-3CE6-836C-776DCCF38FAF}
		{840CCD4F-5330-3C44-A7C6-CC32AE28DD65} = {840CCD4F-5330-3C44-A7C6-CC32AE28DD65}
		{FFB2A466-5CD7-3987-A853-6C317AEFAE84} = {FFB2A466-5CD7-3987-A853-6C317AEFAE84}
		{6E2D85F7-CC5D-377A-85B1-37E902A76394} = {6E2D85F7-CC5D-377A-85B1-37E902A76394}
		{E2E65E9F-78FC-32D0-B656-3A478EC682D8} = {E2E65E9F-78FC-32D0-B656-3A478EC682D8}
		{CB98888E-1BC9-3E17-AC12-5787DF3D877D} = {CB98888E-1BC9-3E17-AC12-5787DF3D877D}
		{82BC2E93-034D-3A6D-983D-4AB591E62738} = {82BC2E93-034D-3A6D-983D-4AB591E62738}
		{26441C9F-3F0F-37EE-BE8A-549632F819F2} = {26441C9F-3F0F-37EE-BE8A-549632F819F2}
	EndProjectSection
EndProject
Project("{8BC9CEB8-8B4A-11D0-8D11-00A0C91BC942}") = "SnippetTriangleMeshCreate", "SnippetTriangleMeshCreate.vcxproj", "{7383CB57-CC5C-3B30-81A1-19D1400020F9}"
	ProjectSection(ProjectDependencies) = postProject
		{8540AD1D-FF71-30E0-9C76-E58A31047976} = {8540AD1D-FF71-30E0-9C76-E58A31047976}
		{D2597F43-1528-3A36-B521-97AB6B50CB63} = {D2597F43-1528-3A36-B521-97AB6B50CB63}
		{88ECA1EC-DA34-39C5-AB21-D1C5B3C280D5} = {88ECA1EC-DA34-39C5-AB21-D1C5B3C280D5}
		{9E6A19D1-21EA-3CE6-836C-776DCCF38FAF} = {9E6A19D1-21EA-3CE6-836C-776DCCF38FAF}
		{840CCD4F-5330-3C44-A7C6-CC32AE28DD65} = {840CCD4F-5330-3C44-A7C6-CC32AE28DD65}
		{FFB2A466-5CD7-3987-A853-6C317AEFAE84} = {FFB2A466-5CD7-3987-A853-6C317AEFAE84}
		{6E2D85F7-CC5D-377A-85B1-37E902A76394} = {6E2D85F7-CC5D-377A-85B1-37E902A76394}
		{E2E65E9F-78FC-32D0-B656-3A478EC682D8} = {E2E65E9F-78FC-32D0-B656-3A478EC682D8}
		{CB98888E-1BC9-3E17-AC12-5787DF3D877D} = {CB98888E-1BC9-3E17-AC12-5787DF3D877D}
		{82BC2E93-034D-3A6D-983D-4AB591E62738} = {82BC2E93-034D-3A6D-983D-4AB591E62738}
		{26441C9F-3F0F-37EE-BE8A-549632F819F2} = {26441C9F-3F0F-37EE-BE8A-549632F819F2}
	EndProjectSection
EndProject
Project("{8BC9CEB8-8B4A-11D0-8D11-00A0C91BC942}") = "SnippetTriggers", "SnippetTriggers.vcxproj", "{5C324778-7124-33E9-9606-4F8D310D51E7}"
	ProjectSection(ProjectDependencies) = postProject
		{8540AD1D-FF71-30E0-9C76-E58A31047976} = {8540AD1D-FF71-30E0-9C76-E58A31047976}
		{D2597F43-1528-3A36-B521-97AB6B50CB63} = {D2597F43-1528-3A36-B521-97AB6B50CB63}
		{88ECA1EC-DA34-39C5-AB21-D1C5B3C280D5} = {88ECA1EC-DA34-39C5-AB21-D1C5B3C280D5}
		{9E6A19D1-21EA-3CE6-836C-776DCCF38FAF} = {9E6A19D1-21EA-3CE6-836C-776DCCF38FAF}
		{840CCD4F-5330-3C44-A7C6-CC32AE28DD65} = {840CCD4F-5330-3C44-A7C6-CC32AE28DD65}
		{FFB2A466-5CD7-3987-A853-6C317AEFAE84} = {FFB2A466-5CD7-3987-A853-6C317AEFAE84}
		{6E2D85F7-CC5D-377A-85B1-37E902A76394} = {6E2D85F7-CC5D-377A-85B1-37E902A76394}
		{E2E65E9F-78FC-32D0-B656-3A478EC682D8} = {E2E65E9F-78FC-32D0-B656-3A478EC682D8}
		{CB98888E-1BC9-3E17-AC12-5787DF3D877D} = {CB98888E-1BC9-3E17-AC12-5787DF3D877D}
		{82BC2E93-034D-3A6D-983D-4AB591E62738} = {82BC2E93-034D-3A6D-983D-4AB591E62738}
		{26441C9F-3F0F-37EE-BE8A-549632F819F2} = {26441C9F-3F0F-37EE-BE8A-549632F819F2}
	EndProjectSection
EndProject
Project("{8BC9CEB8-8B4A-11D0-8D11-00A0C91BC942}") = "SnippetUtils", "SnippetUtils.vcxproj", "{82BC2E93-034D-3A6D-983D-4AB591E62738}"
	ProjectSection(ProjectDependencies) = postProject
		{FFB2A466-5CD7-3987-A853-6C317AEFAE84} = {FFB2A466-5CD7-3987-A853-6C317AEFAE84}
		{26441C9F-3F0F-37EE-BE8A-549632F819F2} = {26441C9F-3F0F-37EE-BE8A-549632F819F2}
	EndProjectSection
EndProject
Project("{8BC9CEB8-8B4A-11D0-8D11-00A0C91BC942}") = "SnippetVehicle4W", "SnippetVehicle4W.vcxproj", "{A5E31542-B7E6-3DA4-8E12-F2FF76DA3615}"
	ProjectSection(ProjectDependencies) = postProject
		{8540AD1D-FF71-30E0-9C76-E58A31047976} = {8540AD1D-FF71-30E0-9C76-E58A31047976}
		{D2597F43-1528-3A36-B521-97AB6B50CB63} = {D2597F43-1528-3A36-B521-97AB6B50CB63}
		{88ECA1EC-DA34-39C5-AB21-D1C5B3C280D5} = {88ECA1EC-DA34-39C5-AB21-D1C5B3C280D5}
		{9E6A19D1-21EA-3CE6-836C-776DCCF38FAF} = {9E6A19D1-21EA-3CE6-836C-776DCCF38FAF}
		{840CCD4F-5330-3C44-A7C6-CC32AE28DD65} = {840CCD4F-5330-3C44-A7C6-CC32AE28DD65}
		{FFB2A466-5CD7-3987-A853-6C317AEFAE84} = {FFB2A466-5CD7-3987-A853-6C317AEFAE84}
		{6E2D85F7-CC5D-377A-85B1-37E902A76394} = {6E2D85F7-CC5D-377A-85B1-37E902A76394}
		{FC16D007-ACA4-3A63-948E-A878C3FF7938} = {FC16D007-ACA4-3A63-948E-A878C3FF7938}
		{E2E65E9F-78FC-32D0-B656-3A478EC682D8} = {E2E65E9F-78FC-32D0-B656-3A478EC682D8}
		{CB98888E-1BC9-3E17-AC12-5787DF3D877D} = {CB98888E-1BC9-3E17-AC12-5787DF3D877D}
		{82BC2E93-034D-3A6D-983D-4AB591E62738} = {82BC2E93-034D-3A6D-983D-4AB591E62738}
		{26441C9F-3F0F-37EE-BE8A-549632F819F2} = {26441C9F-3F0F-37EE-BE8A-549632F819F2}
	EndProjectSection
EndProject
Project("{8BC9CEB8-8B4A-11D0-8D11-00A0C91BC942}") = "SnippetVehicleContactMod", "SnippetVehicleContactMod.vcxproj", "{221FCAC6-4F2A-3978-AD31-3FECA58C26FF}"
	ProjectSection(ProjectDependencies) = postProject
		{8540AD1D-FF71-30E0-9C76-E58A31047976} = {8540AD1D-FF71-30E0-9C76-E58A31047976}
		{D2597F43-1528-3A36-B521-97AB6B50CB63} = {D2597F43-1528-3A36-B521-97AB6B50CB63}
		{88ECA1EC-DA34-39C5-AB21-D1C5B3C280D5} = {88ECA1EC-DA34-39C5-AB21-D1C5B3C280D5}
		{9E6A19D1-21EA-3CE6-836C-776DCCF38FAF} = {9E6A19D1-21EA-3CE6-836C-776DCCF38FAF}
		{840CCD4F-5330-3C44-A7C6-CC32AE28DD65} = {840CCD4F-5330-3C44-A7C6-CC32AE28DD65}
		{FFB2A466-5CD7-3987-A853-6C317AEFAE84} = {FFB2A466-5CD7-3987-A853-6C317AEFAE84}
		{6E2D85F7-CC5D-377A-85B1-37E902A76394} = {6E2D85F7-CC5D-377A-85B1-37E902A76394}
		{FC16D007-ACA4-3A63-948E-A878C3FF7938} = {FC16D007-ACA4-3A63-948E-A878C3FF7938}
		{E2E65E9F-78FC-32D0-B656-3A478EC682D8} = {E2E65E9F-78FC-32D0-B656-3A478EC682D8}
		{CB98888E-1BC9-3E17-AC12-5787DF3D877D} = {CB98888E-1BC9-3E17-AC12-5787DF3D877D}
		{82BC2E93-034D-3A6D-983D-4AB591E62738} = {82BC2E93-034D-3A6D-983D-4AB591E62738}
		{26441C9F-3F0F-37EE-BE8A-549632F819F2} = {26441C9F-3F0F-37EE-BE8A-549632F819F2}
	EndProjectSection
EndProject
Project("{8BC9CEB8-8B4A-11D0-8D11-00A0C91BC942}") = "SnippetVehicleMultiThreading", "SnippetVehicleMultiThreading.vcxproj", "{E21F0EF9-C24D-30EB-BB04-32E639A58845}"
	ProjectSection(ProjectDependencies) = postProject
		{8540AD1D-FF71-30E0-9C76-E58A31047976} = {8540AD1D-FF71-30E0-9C76-E58A31047976}
		{D2597F43-1528-3A36-B521-97AB6B50CB63} = {D2597F43-1528-3A36-B521-97AB6B50CB63}
		{88ECA1EC-DA34-39C5-AB21-D1C5B3C280D5} = {88ECA1EC-DA34-39C5-AB21-D1C5B3C280D5}
		{9E6A19D1-21EA-3CE6-836C-776DCCF38FAF} = {9E6A19D1-21EA-3CE6-836C-776DCCF38FAF}
		{840CCD4F-5330-3C44-A7C6-CC32AE28DD65} = {840CCD4F-5330-3C44-A7C6-CC32AE28DD65}
		{FFB2A466-5CD7-3987-A853-6C317AEFAE84} = {FFB2A466-5CD7-3987-A853-6C317AEFAE84}
		{6E2D85F7-CC5D-377A-85B1-37E902A76394} = {6E2D85F7-CC5D-377A-85B1-37E902A76394}
		{FC16D007-ACA4-3A63-948E-A878C3FF7938} = {FC16D007-ACA4-3A63-948E-A878C3FF7938}
		{E2E65E9F-78FC-32D0-B656-3A478EC682D8} = {E2E65E9F-78FC-32D0-B656-3A478EC682D8}
		{CB98888E-1BC9-3E17-AC12-5787DF3D877D} = {CB98888E-1BC9-3E17-AC12-5787DF3D877D}
		{82BC2E93-034D-3A6D-983D-4AB591E62738} = {82BC2E93-034D-3A6D-983D-4AB591E62738}
		{26441C9F-3F0F-37EE-BE8A-549632F819F2} = {26441C9F-3F0F-37EE-BE8A-549632F819F2}
	EndProjectSection
EndProject
Project("{8BC9CEB8-8B4A-11D0-8D11-00A0C91BC942}") = "SnippetVehicleNoDrive", "SnippetVehicleNoDrive.vcxproj", "{81B2B9EF-E696-3ACE-A121-0EADDB0A0C5C}"
	ProjectSection(ProjectDependencies) = postProject
		{8540AD1D-FF71-30E0-9C76-E58A31047976} = {8540AD1D-FF71-30E0-9C76-E58A31047976}
		{D2597F43-1528-3A36-B521-97AB6B50CB63} = {D2597F43-1528-3A36-B521-97AB6B50CB63}
		{88ECA1EC-DA34-39C5-AB21-D1C5B3C280D5} = {88ECA1EC-DA34-39C5-AB21-D1C5B3C280D5}
		{9E6A19D1-21EA-3CE6-836C-776DCCF38FAF} = {9E6A19D1-21EA-3CE6-836C-776DCCF38FAF}
		{840CCD4F-5330-3C44-A7C6-CC32AE28DD65} = {840CCD4F-5330-3C44-A7C6-CC32AE28DD65}
		{FFB2A466-5CD7-3987-A853-6C317AEFAE84} = {FFB2A466-5CD7-3987-A853-6C317AEFAE84}
		{6E2D85F7-CC5D-377A-85B1-37E902A76394} = {6E2D85F7-CC5D-377A-85B1-37E902A76394}
		{FC16D007-ACA4-3A63-948E-A878C3FF7938} = {FC16D007-ACA4-3A63-948E-A878C3FF7938}
		{E2E65E9F-78FC-32D0-B656-3A478EC682D8} = {E2E65E9F-78FC-32D0-B656-3A478EC682D8}
		{CB98888E-1BC9-3E17-AC12-5787DF3D877D} = {CB98888E-1BC9-3E17-AC12-5787DF3D877D}
		{82BC2E93-034D-3A6D-983D-4AB591E62738} = {82BC2E93-034D-3A6D-983D-4AB591E62738}
		{26441C9F-3F0F-37EE-BE8A-549632F819F2} = {26441C9F-3F0F-37EE-BE8A-549632F819F2}
	EndProjectSection
EndProject
Project("{8BC9CEB8-8B4A-11D0-8D11-00A0C91BC942}") = "SnippetVehicleScale", "SnippetVehicleScale.vcxproj", "{C53EF953-1045-3B74-A92D-5C4A7990A9B3}"
	ProjectSection(ProjectDependencies) = postProject
		{8540AD1D-FF71-30E0-9C76-E58A31047976} = {8540AD1D-FF71-30E0-9C76-E58A31047976}
		{D2597F43-1528-3A36-B521-97AB6B50CB63} = {D2597F43-1528-3A36-B521-97AB6B50CB63}
		{88ECA1EC-DA34-39C5-AB21-D1C5B3C280D5} = {88ECA1EC-DA34-39C5-AB21-D1C5B3C280D5}
		{9E6A19D1-21EA-3CE6-836C-776DCCF38FAF} = {9E6A19D1-21EA-3CE6-836C-776DCCF38FAF}
		{840CCD4F-5330-3C44-A7C6-CC32AE28DD65} = {840CCD4F-5330-3C44-A7C6-CC32AE28DD65}
		{FFB2A466-5CD7-3987-A853-6C317AEFAE84} = {FFB2A466-5CD7-3987-A853-6C317AEFAE84}
		{6E2D85F7-CC5D-377A-85B1-37E902A76394} = {6E2D85F7-CC5D-377A-85B1-37E902A76394}
		{FC16D007-ACA4-3A63-948E-A878C3FF7938} = {FC16D007-ACA4-3A63-948E-A878C3FF7938}
		{E2E65E9F-78FC-32D0-B656-3A478EC682D8} = {E2E65E9F-78FC-32D0-B656-3A478EC682D8}
		{CB98888E-1BC9-3E17-AC12-5787DF3D877D} = {CB98888E-1BC9-3E17-AC12-5787DF3D877D}
		{82BC2E93-034D-3A6D-983D-4AB591E62738} = {82BC2E93-034D-3A6D-983D-4AB591E62738}
		{26441C9F-3F0F-37EE-BE8A-549632F819F2} = {26441C9F-3F0F-37EE-BE8A-549632F819F2}
	EndProjectSection
EndProject
Project("{8BC9CEB8-8B4A-11D0-8D11-00A0C91BC942}") = "SnippetVehicleTank", "SnippetVehicleTank.vcxproj", "{A2C6F56F-7F68-3510-B7B5-755FC55E7241}"
	ProjectSection(ProjectDependencies) = postProject
		{8540AD1D-FF71-30E0-9C76-E58A31047976} = {8540AD1D-FF71-30E0-9C76-E58A31047976}
		{D2597F43-1528-3A36-B521-97AB6B50CB63} = {D2597F43-1528-3A36-B521-97AB6B50CB63}
		{88ECA1EC-DA34-39C5-AB21-D1C5B3C280D5} = {88ECA1EC-DA34-39C5-AB21-D1C5B3C280D5}
		{9E6A19D1-21EA-3CE6-836C-776DCCF38FAF} = {9E6A19D1-21EA-3CE6-836C-776DCCF38FAF}
		{840CCD4F-5330-3C44-A7C6-CC32AE28DD65} = {840CCD4F-5330-3C44-A7C6-CC32AE28DD65}
		{FFB2A466-5CD7-3987-A853-6C317AEFAE84} = {FFB2A466-5CD7-3987-A853-6C317AEFAE84}
		{6E2D85F7-CC5D-377A-85B1-37E902A76394} = {6E2D85F7-CC5D-377A-85B1-37E902A76394}
		{FC16D007-ACA4-3A63-948E-A878C3FF7938} = {FC16D007-ACA4-3A63-948E-A878C3FF7938}
		{E2E65E9F-78FC-32D0-B656-3A478EC682D8} = {E2E65E9F-78FC-32D0-B656-3A478EC682D8}
		{CB98888E-1BC9-3E17-AC12-5787DF3D877D} = {CB98888E-1BC9-3E17-AC12-5787DF3D877D}
		{82BC2E93-034D-3A6D-983D-4AB591E62738} = {82BC2E93-034D-3A6D-983D-4AB591E62738}
		{26441C9F-3F0F-37EE-BE8A-549632F819F2} = {26441C9F-3F0F-37EE-BE8A-549632F819F2}
	EndProjectSection
EndProject
Project("{8BC9CEB8-8B4A-11D0-8D11-00A0C91BC942}") = "ZERO_CHECK", "..\\ZERO_CHECK.vcxproj", "{26441C9F-3F0F-37EE-BE8A-549632F819F2}"
	ProjectSection(ProjectDependencies) = postProject
	EndProjectSection
EndProject
Global
	GlobalSection(SolutionConfigurationPlatforms) = preSolution
		debug|x64 = debug|x64
		checked|x64 = checked|x64
		profile|x64 = profile|x64
		release|x64 = release|x64
	EndGlobalSection
	GlobalSection(ProjectConfigurationPlatforms) = postSolution
		{6517A243-AEB0-3C25-B92A-F07652971920}.debug|x64.ActiveCfg = debug|x64
		{6517A243-AEB0-3C25-B92A-F07652971920}.debug|x64.Build.0 = debug|x64
		{6517A243-AEB0-3C25-B92A-F07652971920}.checked|x64.ActiveCfg = checked|x64
		{6517A243-AEB0-3C25-B92A-F07652971920}.checked|x64.Build.0 = checked|x64
		{6517A243-AEB0-3C25-B92A-F07652971920}.profile|x64.ActiveCfg = profile|x64
		{6517A243-AEB0-3C25-B92A-F07652971920}.profile|x64.Build.0 = profile|x64
		{6517A243-AEB0-3C25-B92A-F07652971920}.release|x64.ActiveCfg = release|x64
		{6517A243-AEB0-3C25-B92A-F07652971920}.release|x64.Build.0 = release|x64
		{8E9A4EF3-2EFC-3A39-8CAF-28657AE0A24B}.debug|x64.ActiveCfg = debug|x64
		{8E9A4EF3-2EFC-3A39-8CAF-28657AE0A24B}.debug|x64.Build.0 = debug|x64
		{8E9A4EF3-2EFC-3A39-8CAF-28657AE0A24B}.checked|x64.ActiveCfg = checked|x64
		{8E9A4EF3-2EFC-3A39-8CAF-28657AE0A24B}.checked|x64.Build.0 = checked|x64
		{8E9A4EF3-2EFC-3A39-8CAF-28657AE0A24B}.profile|x64.ActiveCfg = profile|x64
		{8E9A4EF3-2EFC-3A39-8CAF-28657AE0A24B}.profile|x64.Build.0 = profile|x64
		{8E9A4EF3-2EFC-3A39-8CAF-28657AE0A24B}.release|x64.ActiveCfg = release|x64
		{8E9A4EF3-2EFC-3A39-8CAF-28657AE0A24B}.release|x64.Build.0 = release|x64
		{DCF635F6-F72E-3208-ABB4-74583B510EFA}.debug|x64.ActiveCfg = debug|x64
		{DCF635F6-F72E-3208-ABB4-74583B510EFA}.checked|x64.ActiveCfg = checked|x64
		{DCF635F6-F72E-3208-ABB4-74583B510EFA}.profile|x64.ActiveCfg = profile|x64
		{DCF635F6-F72E-3208-ABB4-74583B510EFA}.release|x64.ActiveCfg = release|x64
		{AEEE7DA4-BA6A-3727-94CD-8778A74B71AB}.debug|x64.ActiveCfg = debug|x64
		{AEEE7DA4-BA6A-3727-94CD-8778A74B71AB}.debug|x64.Build.0 = debug|x64
		{AEEE7DA4-BA6A-3727-94CD-8778A74B71AB}.checked|x64.ActiveCfg = checked|x64
		{AEEE7DA4-BA6A-3727-94CD-8778A74B71AB}.checked|x64.Build.0 = checked|x64
		{AEEE7DA4-BA6A-3727-94CD-8778A74B71AB}.profile|x64.ActiveCfg = profile|x64
		{AEEE7DA4-BA6A-3727-94CD-8778A74B71AB}.profile|x64.Build.0 = profile|x64
		{AEEE7DA4-BA6A-3727-94CD-8778A74B71AB}.release|x64.ActiveCfg = release|x64
		{AEEE7DA4-BA6A-3727-94CD-8778A74B71AB}.release|x64.Build.0 = release|x64
		{CFBDE9D4-312E-3574-A4EE-CA1357A6566F}.debug|x64.ActiveCfg = debug|x64
		{CFBDE9D4-312E-3574-A4EE-CA1357A6566F}.debug|x64.Build.0 = debug|x64
		{CFBDE9D4-312E-3574-A4EE-CA1357A6566F}.checked|x64.ActiveCfg = checked|x64
		{CFBDE9D4-312E-3574-A4EE-CA1357A6566F}.checked|x64.Build.0 = checked|x64
		{CFBDE9D4-312E-3574-A4EE-CA1357A6566F}.profile|x64.ActiveCfg = profile|x64
		{CFBDE9D4-312E-3574-A4EE-CA1357A6566F}.profile|x64.Build.0 = profile|x64
		{CFBDE9D4-312E-3574-A4EE-CA1357A6566F}.release|x64.ActiveCfg = release|x64
		{CFBDE9D4-312E-3574-A4EE-CA1357A6566F}.release|x64.Build.0 = release|x64
		{26BA929D-0E0D-3FBD-ACD8-B437B5A1327F}.debug|x64.ActiveCfg = debug|x64
		{26BA929D-0E0D-3FBD-ACD8-B437B5A1327F}.debug|x64.Build.0 = debug|x64
		{26BA929D-0E0D-3FBD-ACD8-B437B5A1327F}.checked|x64.ActiveCfg = checked|x64
		{26BA929D-0E0D-3FBD-ACD8-B437B5A1327F}.checked|x64.Build.0 = checked|x64
		{26BA929D-0E0D-3FBD-ACD8-B437B5A1327F}.profile|x64.ActiveCfg = profile|x64
		{26BA929D-0E0D-3FBD-ACD8-B437B5A1327F}.profile|x64.Build.0 = profile|x64
		{26BA929D-0E0D-3FBD-ACD8-B437B5A1327F}.release|x64.ActiveCfg = release|x64
		{26BA929D-0E0D-3FBD-ACD8-B437B5A1327F}.release|x64.Build.0 = release|x64
		{8540AD1D-FF71-30E0-9C76-E58A31047976}.debug|x64.ActiveCfg = debug|x64
		{8540AD1D-FF71-30E0-9C76-E58A31047976}.debug|x64.Build.0 = debug|x64
		{8540AD1D-FF71-30E0-9C76-E58A31047976}.checked|x64.ActiveCfg = checked|x64
		{8540AD1D-FF71-30E0-9C76-E58A31047976}.checked|x64.Build.0 = checked|x64
		{8540AD1D-FF71-30E0-9C76-E58A31047976}.profile|x64.ActiveCfg = profile|x64
		{8540AD1D-FF71-30E0-9C76-E58A31047976}.profile|x64.Build.0 = profile|x64
		{8540AD1D-FF71-30E0-9C76-E58A31047976}.release|x64.ActiveCfg = release|x64
		{8540AD1D-FF71-30E0-9C76-E58A31047976}.release|x64.Build.0 = release|x64
		{D2597F43-1528-3A36-B521-97AB6B50CB63}.debug|x64.ActiveCfg = debug|x64
		{D2597F43-1528-3A36-B521-97AB6B50CB63}.debug|x64.Build.0 = debug|x64
		{D2597F43-1528-3A36-B521-97AB6B50CB63}.checked|x64.ActiveCfg = checked|x64
		{D2597F43-1528-3A36-B521-97AB6B50CB63}.checked|x64.Build.0 = checked|x64
		{D2597F43-1528-3A36-B521-97AB6B50CB63}.profile|x64.ActiveCfg = profile|x64
		{D2597F43-1528-3A36-B521-97AB6B50CB63}.profile|x64.Build.0 = profile|x64
		{D2597F43-1528-3A36-B521-97AB6B50CB63}.release|x64.ActiveCfg = release|x64
		{D2597F43-1528-3A36-B521-97AB6B50CB63}.release|x64.Build.0 = release|x64
		{88ECA1EC-DA34-39C5-AB21-D1C5B3C280D5}.debug|x64.ActiveCfg = debug|x64
		{88ECA1EC-DA34-39C5-AB21-D1C5B3C280D5}.debug|x64.Build.0 = debug|x64
		{88ECA1EC-DA34-39C5-AB21-D1C5B3C280D5}.checked|x64.ActiveCfg = checked|x64
		{88ECA1EC-DA34-39C5-AB21-D1C5B3C280D5}.checked|x64.Build.0 = checked|x64
		{88ECA1EC-DA34-39C5-AB21-D1C5B3C280D5}.profile|x64.ActiveCfg = profile|x64
		{88ECA1EC-DA34-39C5-AB21-D1C5B3C280D5}.profile|x64.Build.0 = profile|x64
		{88ECA1EC-DA34-39C5-AB21-D1C5B3C280D5}.release|x64.ActiveCfg = release|x64
		{88ECA1EC-DA34-39C5-AB21-D1C5B3C280D5}.release|x64.Build.0 = release|x64
		{9E6A19D1-21EA-3CE6-836C-776DCCF38FAF}.debug|x64.ActiveCfg = debug|x64
		{9E6A19D1-21EA-3CE6-836C-776DCCF38FAF}.debug|x64.Build.0 = debug|x64
		{9E6A19D1-21EA-3CE6-836C-776DCCF38FAF}.checked|x64.ActiveCfg = checked|x64
		{9E6A19D1-21EA-3CE6-836C-776DCCF38FAF}.checked|x64.Build.0 = checked|x64
		{9E6A19D1-21EA-3CE6-836C-776DCCF38FAF}.profile|x64.ActiveCfg = profile|x64
		{9E6A19D1-21EA-3CE6-836C-776DCCF38FAF}.profile|x64.Build.0 = profile|x64
		{9E6A19D1-21EA-3CE6-836C-776DCCF38FAF}.release|x64.ActiveCfg = release|x64
		{9E6A19D1-21EA-3CE6-836C-776DCCF38FAF}.release|x64.Build.0 = release|x64
		{840CCD4F-5330-3C44-A7C6-CC32AE28DD65}.debug|x64.ActiveCfg = debug|x64
		{840CCD4F-5330-3C44-A7C6-CC32AE28DD65}.debug|x64.Build.0 = debug|x64
		{840CCD4F-5330-3C44-A7C6-CC32AE28DD65}.checked|x64.ActiveCfg = checked|x64
		{840CCD4F-5330-3C44-A7C6-CC32AE28DD65}.checked|x64.Build.0 = checked|x64
		{840CCD4F-5330-3C44-A7C6-CC32AE28DD65}.profile|x64.ActiveCfg = profile|x64
		{840CCD4F-5330-3C44-A7C6-CC32AE28DD65}.profile|x64.Build.0 = profile|x64
		{840CCD4F-5330-3C44-A7C6-CC32AE28DD65}.release|x64.ActiveCfg = release|x64
		{840CCD4F-5330-3C44-A7C6-CC32AE28DD65}.release|x64.Build.0 = release|x64
		{FFB2A466-5CD7-3987-A853-6C317AEFAE84}.debug|x64.ActiveCfg = debug|x64
		{FFB2A466-5CD7-3987-A853-6C317AEFAE84}.debug|x64.Build.0 = debug|x64
		{FFB2A466-5CD7-3987-A853-6C317AEFAE84}.checked|x64.ActiveCfg = checked|x64
		{FFB2A466-5CD7-3987-A853-6C317AEFAE84}.checked|x64.Build.0 = checked|x64
		{FFB2A466-5CD7-3987-A853-6C317AEFAE84}.profile|x64.ActiveCfg = profile|x64
		{FFB2A466-5CD7-3987-A853-6C317AEFAE84}.profile|x64.Build.0 = profile|x64
		{FFB2A466-5CD7-3987-A853-6C317AEFAE84}.release|x64.ActiveCfg = release|x64
		{FFB2A466-5CD7-3987-A853-6C317AEFAE84}.release|x64.Build.0 = release|x64
		{6E2D85F7-CC5D-377A-85B1-37E902A76394}.debug|x64.ActiveCfg = debug|x64
		{6E2D85F7-CC5D-377A-85B1-37E902A76394}.debug|x64.Build.0 = debug|x64
		{6E2D85F7-CC5D-377A-85B1-37E902A76394}.checked|x64.ActiveCfg = checked|x64
		{6E2D85F7-CC5D-377A-85B1-37E902A76394}.checked|x64.Build.0 = checked|x64
		{6E2D85F7-CC5D-377A-85B1-37E902A76394}.profile|x64.ActiveCfg = profile|x64
		{6E2D85F7-CC5D-377A-85B1-37E902A76394}.profile|x64.Build.0 = profile|x64
		{6E2D85F7-CC5D-377A-85B1-37E902A76394}.release|x64.ActiveCfg = release|x64
		{6E2D85F7-CC5D-377A-85B1-37E902A76394}.release|x64.Build.0 = release|x64
		{FC16D007-ACA4-3A63-948E-A878C3FF7938}.debug|x64.ActiveCfg = debug|x64
		{FC16D007-ACA4-3A63-948E-A878C3FF7938}.debug|x64.Build.0 = debug|x64
		{FC16D007-ACA4-3A63-948E-A878C3FF7938}.checked|x64.ActiveCfg = checked|x64
		{FC16D007-ACA4-3A63-948E-A878C3FF7938}.checked|x64.Build.0 = checked|x64
		{FC16D007-ACA4-3A63-948E-A878C3FF7938}.profile|x64.ActiveCfg = profile|x64
		{FC16D007-ACA4-3A63-948E-A878C3FF7938}.profile|x64.Build.0 = profile|x64
		{FC16D007-ACA4-3A63-948E-A878C3FF7938}.release|x64.ActiveCfg = release|x64
		{FC16D007-ACA4-3A63-948E-A878C3FF7938}.release|x64.Build.0 = release|x64
		{E2E65E9F-78FC-32D0-B656-3A478EC682D8}.debug|x64.ActiveCfg = debug|x64
		{E2E65E9F-78FC-32D0-B656-3A478EC682D8}.debug|x64.Build.0 = debug|x64
		{E2E65E9F-78FC-32D0-B656-3A478EC682D8}.checked|x64.ActiveCfg = checked|x64
		{E2E65E9F-78FC-32D0-B656-3A478EC682D8}.checked|x64.Build.0 = checked|x64
		{E2E65E9F-78FC-32D0-B656-3A478EC682D8}.profile|x64.ActiveCfg = profile|x64
		{E2E65E9F-78FC-32D0-B656-3A478EC682D8}.profile|x64.Build.0 = profile|x64
		{E2E65E9F-78FC-32D0-B656-3A478EC682D8}.release|x64.ActiveCfg = release|x64
		{E2E65E9F-78FC-32D0-B656-3A478EC682D8}.release|x64.Build.0 = release|x64
		{F9182345-0E36-395A-99F1-369F7E5A4D8F}.debug|x64.ActiveCfg = debug|x64
		{F9182345-0E36-395A-99F1-369F7E5A4D8F}.debug|x64.Build.0 = debug|x64
		{F9182345-0E36-395A-99F1-369F7E5A4D8F}.checked|x64.ActiveCfg = checked|x64
		{F9182345-0E36-395A-99F1-369F7E5A4D8F}.checked|x64.Build.0 = checked|x64
		{F9182345-0E36-395A-99F1-369F7E5A4D8F}.profile|x64.ActiveCfg = profile|x64
		{F9182345-0E36-395A-99F1-369F7E5A4D8F}.profile|x64.Build.0 = profile|x64
		{F9182345-0E36-395A-99F1-369F7E5A4D8F}.release|x64.ActiveCfg = release|x64
		{F9182345-0E36-395A-99F1-369F7E5A4D8F}.release|x64.Build.0 = release|x64
		{A03AFEB4-E386-3704-8037-C4575CBA0EC7}.debug|x64.ActiveCfg = debug|x64
		{A03AFEB4-E386-3704-8037-C4575CBA0EC7}.debug|x64.Build.0 = debug|x64
		{A03AFEB4-E386-3704-8037-C4575CBA0EC7}.checked|x64.ActiveCfg = checked|x64
		{A03AFEB4-E386-3704-8037-C4575CBA0EC7}.checked|x64.Build.0 = checked|x64
		{A03AFEB4-E386-3704-8037-C4575CBA0EC7}.profile|x64.ActiveCfg = profile|x64
		{A03AFEB4-E386-3704-8037-C4575CBA0EC7}.profile|x64.Build.0 = profile|x64
		{A03AFEB4-E386-3704-8037-C4575CBA0EC7}.release|x64.ActiveCfg = release|x64
		{A03AFEB4-E386-3704-8037-C4575CBA0EC7}.release|x64.Build.0 = release|x64
		{4FE788E2-CC8A-3AD3-8D3A-772069AC02D4}.debug|x64.ActiveCfg = debug|x64
		{4FE788E2-CC8A-3AD3-8D3A-772069AC02D4}.debug|x64.Build.0 = debug|x64
		{4FE788E2-CC8A-3AD3-8D3A-772069AC02D4}.checked|x64.ActiveCfg = checked|x64
		{4FE788E2-CC8A-3AD3-8D3A-772069AC02D4}.checked|x64.Build.0 = checked|x64
		{4FE788E2-CC8A-3AD3-8D3A-772069AC02D4}.profile|x64.ActiveCfg = profile|x64
		{4FE788E2-CC8A-3AD3-8D3A-772069AC02D4}.profile|x64.Build.0 = profile|x64
		{4FE788E2-CC8A-3AD3-8D3A-772069AC02D4}.release|x64.ActiveCfg = release|x64
		{4FE788E2-CC8A-3AD3-8D3A-772069AC02D4}.release|x64.Build.0 = release|x64
		{F0873EAB-8ADA-345F-92BC-5DBB110F61AA}.debug|x64.ActiveCfg = debug|x64
		{F0873EAB-8ADA-345F-92BC-5DBB110F61AA}.debug|x64.Build.0 = debug|x64
		{F0873EAB-8ADA-345F-92BC-5DBB110F61AA}.checked|x64.ActiveCfg = checked|x64
		{F0873EAB-8ADA-345F-92BC-5DBB110F61AA}.checked|x64.Build.0 = checked|x64
		{F0873EAB-8ADA-345F-92BC-5DBB110F61AA}.profile|x64.ActiveCfg = profile|x64
		{F0873EAB-8ADA-345F-92BC-5DBB110F61AA}.profile|x64.Build.0 = profile|x64
		{F0873EAB-8ADA-345F-92BC-5DBB110F61AA}.release|x64.ActiveCfg = release|x64
		{F0873EAB-8ADA-345F-92BC-5DBB110F61AA}.release|x64.Build.0 = release|x64
		{E20AF339-3277-358A-8FAD-621B5584CBEA}.debug|x64.ActiveCfg = debug|x64
		{E20AF339-3277-358A-8FAD-621B5584CBEA}.debug|x64.Build.0 = debug|x64
		{E20AF339-3277-358A-8FAD-621B5584CBEA}.checked|x64.ActiveCfg = checked|x64
		{E20AF339-3277-358A-8FAD-621B5584CBEA}.checked|x64.Build.0 = checked|x64
		{E20AF339-3277-358A-8FAD-621B5584CBEA}.profile|x64.ActiveCfg = profile|x64
		{E20AF339-3277-358A-8FAD-621B5584CBEA}.profile|x64.Build.0 = profile|x64
		{E20AF339-3277-358A-8FAD-621B5584CBEA}.release|x64.ActiveCfg = release|x64
		{E20AF339-3277-358A-8FAD-621B5584CBEA}.release|x64.Build.0 = release|x64
		{1402E383-AB6F-3A83-987C-17E11E74EF17}.debug|x64.ActiveCfg = debug|x64
		{1402E383-AB6F-3A83-987C-17E11E74EF17}.debug|x64.Build.0 = debug|x64
		{1402E383-AB6F-3A83-987C-17E11E74EF17}.checked|x64.ActiveCfg = checked|x64
		{1402E383-AB6F-3A83-987C-17E11E74EF17}.checked|x64.Build.0 = checked|x64
		{1402E383-AB6F-3A83-987C-17E11E74EF17}.profile|x64.ActiveCfg = profile|x64
		{1402E383-AB6F-3A83-987C-17E11E74EF17}.profile|x64.Build.0 = profile|x64
		{1402E383-AB6F-3A83-987C-17E11E74EF17}.release|x64.ActiveCfg = release|x64
		{1402E383-AB6F-3A83-987C-17E11E74EF17}.release|x64.Build.0 = release|x64
		{307C6247-F455-3BC3-9734-5CA619F2D916}.debug|x64.ActiveCfg = debug|x64
		{307C6247-F455-3BC3-9734-5CA619F2D916}.debug|x64.Build.0 = debug|x64
		{307C6247-F455-3BC3-9734-5CA619F2D916}.checked|x64.ActiveCfg = checked|x64
		{307C6247-F455-3BC3-9734-5CA619F2D916}.checked|x64.Build.0 = checked|x64
		{307C6247-F455-3BC3-9734-5CA619F2D916}.profile|x64.ActiveCfg = profile|x64
		{307C6247-F455-3BC3-9734-5CA619F2D916}.profile|x64.Build.0 = profile|x64
		{307C6247-F455-3BC3-9734-5CA619F2D916}.release|x64.ActiveCfg = release|x64
		{307C6247-F455-3BC3-9734-5CA619F2D916}.release|x64.Build.0 = release|x64
		{E6F1CD2F-0832-3FF5-A13C-3DAB6749D9E0}.debug|x64.ActiveCfg = debug|x64
		{E6F1CD2F-0832-3FF5-A13C-3DAB6749D9E0}.debug|x64.Build.0 = debug|x64
		{E6F1CD2F-0832-3FF5-A13C-3DAB6749D9E0}.checked|x64.ActiveCfg = checked|x64
		{E6F1CD2F-0832-3FF5-A13C-3DAB6749D9E0}.checked|x64.Build.0 = checked|x64
		{E6F1CD2F-0832-3FF5-A13C-3DAB6749D9E0}.profile|x64.ActiveCfg = profile|x64
		{E6F1CD2F-0832-3FF5-A13C-3DAB6749D9E0}.profile|x64.Build.0 = profile|x64
		{E6F1CD2F-0832-3FF5-A13C-3DAB6749D9E0}.release|x64.ActiveCfg = release|x64
		{E6F1CD2F-0832-3FF5-A13C-3DAB6749D9E0}.release|x64.Build.0 = release|x64
		{C13945F4-A289-3F9C-B8FE-DD7DB41C68D5}.debug|x64.ActiveCfg = debug|x64
		{C13945F4-A289-3F9C-B8FE-DD7DB41C68D5}.debug|x64.Build.0 = debug|x64
		{C13945F4-A289-3F9C-B8FE-DD7DB41C68D5}.checked|x64.ActiveCfg = checked|x64
		{C13945F4-A289-3F9C-B8FE-DD7DB41C68D5}.checked|x64.Build.0 = checked|x64
		{C13945F4-A289-3F9C-B8FE-DD7DB41C68D5}.profile|x64.ActiveCfg = profile|x64
		{C13945F4-A289-3F9C-B8FE-DD7DB41C68D5}.profile|x64.Build.0 = profile|x64
		{C13945F4-A289-3F9C-B8FE-DD7DB41C68D5}.release|x64.ActiveCfg = release|x64
		{C13945F4-A289-3F9C-B8FE-DD7DB41C68D5}.release|x64.Build.0 = release|x64
		{406568C5-F3D7-3992-AB21-4F0E9074A599}.debug|x64.ActiveCfg = debug|x64
		{406568C5-F3D7-3992-AB21-4F0E9074A599}.debug|x64.Build.0 = debug|x64
		{406568C5-F3D7-3992-AB21-4F0E9074A599}.checked|x64.ActiveCfg = checked|x64
		{406568C5-F3D7-3992-AB21-4F0E9074A599}.checked|x64.Build.0 = checked|x64
		{406568C5-F3D7-3992-AB21-4F0E9074A599}.profile|x64.ActiveCfg = profile|x64
		{406568C5-F3D7-3992-AB21-4F0E9074A599}.profile|x64.Build.0 = profile|x64
		{406568C5-F3D7-3992-AB21-4F0E9074A599}.release|x64.ActiveCfg = release|x64
		{406568C5-F3D7-3992-AB21-4F0E9074A599}.release|x64.Build.0 = release|x64
		{DCCDD39A-B24E-3607-AB1B-2942B2276ED8}.debug|x64.ActiveCfg = debug|x64
		{DCCDD39A-B24E-3607-AB1B-2942B2276ED8}.debug|x64.Build.0 = debug|x64
		{DCCDD39A-B24E-3607-AB1B-2942B2276ED8}.checked|x64.ActiveCfg = checked|x64
		{DCCDD39A-B24E-3607-AB1B-2942B2276ED8}.checked|x64.Build.0 = checked|x64
		{DCCDD39A-B24E-3607-AB1B-2942B2276ED8}.profile|x64.ActiveCfg = profile|x64
		{DCCDD39A-B24E-3607-AB1B-2942B2276ED8}.profile|x64.Build.0 = profile|x64
		{DCCDD39A-B24E-3607-AB1B-2942B2276ED8}.release|x64.ActiveCfg = release|x64
		{DCCDD39A-B24E-3607-AB1B-2942B2276ED8}.release|x64.Build.0 = release|x64
		{5F86CC35-D626-3602-B9DC-4C580D1DF798}.debug|x64.ActiveCfg = debug|x64
		{5F86CC35-D626-3602-B9DC-4C580D1DF798}.debug|x64.Build.0 = debug|x64
		{5F86CC35-D626-3602-B9DC-4C580D1DF798}.checked|x64.ActiveCfg = checked|x64
		{5F86CC35-D626-3602-B9DC-4C580D1DF798}.checked|x64.Build.0 = checked|x64
		{5F86CC35-D626-3602-B9DC-4C580D1DF798}.profile|x64.ActiveCfg = profile|x64
		{5F86CC35-D626-3602-B9DC-4C580D1DF798}.profile|x64.Build.0 = profile|x64
		{5F86CC35-D626-3602-B9DC-4C580D1DF798}.release|x64.ActiveCfg = release|x64
		{5F86CC35-D626-3602-B9DC-4C580D1DF798}.release|x64.Build.0 = release|x64
		{C22813EA-2278-3941-90FA-2A4D561CFDA2}.debug|x64.ActiveCfg = debug|x64
		{C22813EA-2278-3941-90FA-2A4D561CFDA2}.debug|x64.Build.0 = debug|x64
		{C22813EA-2278-3941-90FA-2A4D561CFDA2}.checked|x64.ActiveCfg = checked|x64
		{C22813EA-2278-3941-90FA-2A4D561CFDA2}.checked|x64.Build.0 = checked|x64
		{C22813EA-2278-3941-90FA-2A4D561CFDA2}.profile|x64.ActiveCfg = profile|x64
		{C22813EA-2278-3941-90FA-2A4D561CFDA2}.profile|x64.Build.0 = profile|x64
		{C22813EA-2278-3941-90FA-2A4D561CFDA2}.release|x64.ActiveCfg = release|x64
		{C22813EA-2278-3941-90FA-2A4D561CFDA2}.release|x64.Build.0 = release|x64
		{BCEAAAD6-F7C9-3EFB-A62C-668422E79768}.debug|x64.ActiveCfg = debug|x64
		{BCEAAAD6-F7C9-3EFB-A62C-668422E79768}.debug|x64.Build.0 = debug|x64
		{BCEAAAD6-F7C9-3EFB-A62C-668422E79768}.checked|x64.ActiveCfg = checked|x64
		{BCEAAAD6-F7C9-3EFB-A62C-668422E79768}.checked|x64.Build.0 = checked|x64
		{BCEAAAD6-F7C9-3EFB-A62C-668422E79768}.profile|x64.ActiveCfg = profile|x64
		{BCEAAAD6-F7C9-3EFB-A62C-668422E79768}.profile|x64.Build.0 = profile|x64
		{BCEAAAD6-F7C9-3EFB-A62C-668422E79768}.release|x64.ActiveCfg = release|x64
		{BCEAAAD6-F7C9-3EFB-A62C-668422E79768}.release|x64.Build.0 = release|x64
		{C0E1865E-3236-3B0F-B9CD-9A71BCCCE7AB}.debug|x64.ActiveCfg = debug|x64
		{C0E1865E-3236-3B0F-B9CD-9A71BCCCE7AB}.debug|x64.Build.0 = debug|x64
		{C0E1865E-3236-3B0F-B9CD-9A71BCCCE7AB}.checked|x64.ActiveCfg = checked|x64
		{C0E1865E-3236-3B0F-B9CD-9A71BCCCE7AB}.checked|x64.Build.0 = checked|x64
		{C0E1865E-3236-3B0F-B9CD-9A71BCCCE7AB}.profile|x64.ActiveCfg = profile|x64
		{C0E1865E-3236-3B0F-B9CD-9A71BCCCE7AB}.profile|x64.Build.0 = profile|x64
		{C0E1865E-3236-3B0F-B9CD-9A71BCCCE7AB}.release|x64.ActiveCfg = release|x64
		{C0E1865E-3236-3B0F-B9CD-9A71BCCCE7AB}.release|x64.Build.0 = release|x64
		{6BDA5110-192D-35D8-832B-4C3BA2B46CA9}.debug|x64.ActiveCfg = debug|x64
		{6BDA5110-192D-35D8-832B-4C3BA2B46CA9}.debug|x64.Build.0 = debug|x64
		{6BDA5110-192D-35D8-832B-4C3BA2B46CA9}.checked|x64.ActiveCfg = checked|x64
		{6BDA5110-192D-35D8-832B-4C3BA2B46CA9}.checked|x64.Build.0 = checked|x64
		{6BDA5110-192D-35D8-832B-4C3BA2B46CA9}.profile|x64.ActiveCfg = profile|x64
		{6BDA5110-192D-35D8-832B-4C3BA2B46CA9}.profile|x64.Build.0 = profile|x64
		{6BDA5110-192D-35D8-832B-4C3BA2B46CA9}.release|x64.ActiveCfg = release|x64
		{6BDA5110-192D-35D8-832B-4C3BA2B46CA9}.release|x64.Build.0 = release|x64
		{8F0AB617-F353-3FD1-9366-26F385B628F8}.debug|x64.ActiveCfg = debug|x64
		{8F0AB617-F353-3FD1-9366-26F385B628F8}.debug|x64.Build.0 = debug|x64
		{8F0AB617-F353-3FD1-9366-26F385B628F8}.checked|x64.ActiveCfg = checked|x64
		{8F0AB617-F353-3FD1-9366-26F385B628F8}.checked|x64.Build.0 = checked|x64
		{8F0AB617-F353-3FD1-9366-26F385B628F8}.profile|x64.ActiveCfg = profile|x64
		{8F0AB617-F353-3FD1-9366-26F385B628F8}.profile|x64.Build.0 = profile|x64
		{8F0AB617-F353-3FD1-9366-26F385B628F8}.release|x64.ActiveCfg = release|x64
		{8F0AB617-F353-3FD1-9366-26F385B628F8}.release|x64.Build.0 = release|x64
		{5F9B2479-FA9E-353F-B327-8F28C33D45FE}.debug|x64.ActiveCfg = debug|x64
		{5F9B2479-FA9E-353F-B327-8F28C33D45FE}.debug|x64.Build.0 = debug|x64
		{5F9B2479-FA9E-353F-B327-8F28C33D45FE}.checked|x64.ActiveCfg = checked|x64
		{5F9B2479-FA9E-353F-B327-8F28C33D45FE}.checked|x64.Build.0 = checked|x64
		{5F9B2479-FA9E-353F-B327-8F28C33D45FE}.profile|x64.ActiveCfg = profile|x64
		{5F9B2479-FA9E-353F-B327-8F28C33D45FE}.profile|x64.Build.0 = profile|x64
		{5F9B2479-FA9E-353F-B327-8F28C33D45FE}.release|x64.ActiveCfg = release|x64
		{5F9B2479-FA9E-353F-B327-8F28C33D45FE}.release|x64.Build.0 = release|x64
		{6AFB941C-9EFC-384A-BBC9-BAD8E310AAB2}.debug|x64.ActiveCfg = debug|x64
		{6AFB941C-9EFC-384A-BBC9-BAD8E310AAB2}.debug|x64.Build.0 = debug|x64
		{6AFB941C-9EFC-384A-BBC9-BAD8E310AAB2}.checked|x64.ActiveCfg = checked|x64
		{6AFB941C-9EFC-384A-BBC9-BAD8E310AAB2}.checked|x64.Build.0 = checked|x64
		{6AFB941C-9EFC-384A-BBC9-BAD8E310AAB2}.profile|x64.ActiveCfg = profile|x64
		{6AFB941C-9EFC-384A-BBC9-BAD8E310AAB2}.profile|x64.Build.0 = profile|x64
		{6AFB941C-9EFC-384A-BBC9-BAD8E310AAB2}.release|x64.ActiveCfg = release|x64
		{6AFB941C-9EFC-384A-BBC9-BAD8E310AAB2}.release|x64.Build.0 = release|x64
		{7447A18A-338E-37F9-9830-4258778C06A6}.debug|x64.ActiveCfg = debug|x64
		{7447A18A-338E-37F9-9830-4258778C06A6}.debug|x64.Build.0 = debug|x64
		{7447A18A-338E-37F9-9830-4258778C06A6}.checked|x64.ActiveCfg = checked|x64
		{7447A18A-338E-37F9-9830-4258778C06A6}.checked|x64.Build.0 = checked|x64
		{7447A18A-338E-37F9-9830-4258778C06A6}.profile|x64.ActiveCfg = profile|x64
		{7447A18A-338E-37F9-9830-4258778C06A6}.profile|x64.Build.0 = profile|x64
		{7447A18A-338E-37F9-9830-4258778C06A6}.release|x64.ActiveCfg = release|x64
		{7447A18A-338E-37F9-9830-4258778C06A6}.release|x64.Build.0 = release|x64
		{3214E8E7-BAD6-3011-8AB9-30D47AC90446}.debug|x64.ActiveCfg = debug|x64
		{3214E8E7-BAD6-3011-8AB9-30D47AC90446}.debug|x64.Build.0 = debug|x64
		{3214E8E7-BAD6-3011-8AB9-30D47AC90446}.checked|x64.ActiveCfg = checked|x64
		{3214E8E7-BAD6-3011-8AB9-30D47AC90446}.checked|x64.Build.0 = checked|x64
		{3214E8E7-BAD6-3011-8AB9-30D47AC90446}.profile|x64.ActiveCfg = profile|x64
		{3214E8E7-BAD6-3011-8AB9-30D47AC90446}.profile|x64.Build.0 = profile|x64
		{3214E8E7-BAD6-3011-8AB9-30D47AC90446}.release|x64.ActiveCfg = release|x64
		{3214E8E7-BAD6-3011-8AB9-30D47AC90446}.release|x64.Build.0 = release|x64
		{1C1142DD-1D96-348D-A3CB-756B8B730175}.debug|x64.ActiveCfg = debug|x64
		{1C1142DD-1D96-348D-A3CB-756B8B730175}.debug|x64.Build.0 = debug|x64
		{1C1142DD-1D96-348D-A3CB-756B8B730175}.checked|x64.ActiveCfg = checked|x64
		{1C1142DD-1D96-348D-A3CB-756B8B730175}.checked|x64.Build.0 = checked|x64
		{1C1142DD-1D96-348D-A3CB-756B8B730175}.profile|x64.ActiveCfg = profile|x64
		{1C1142DD-1D96-348D-A3CB-756B8B730175}.profile|x64.Build.0 = profile|x64
		{1C1142DD-1D96-348D-A3CB-756B8B730175}.release|x64.ActiveCfg = release|x64
		{1C1142DD-1D96-348D-A3CB-756B8B730175}.release|x64.Build.0 = release|x64
		{EF272738-340A-364C-BD94-DFFC201E70A1}.debug|x64.ActiveCfg = debug|x64
		{EF272738-340A-364C-BD94-DFFC201E70A1}.debug|x64.Build.0 = debug|x64
		{EF272738-340A-364C-BD94-DFFC201E70A1}.checked|x64.ActiveCfg = checked|x64
		{EF272738-340A-364C-BD94-DFFC201E70A1}.checked|x64.Build.0 = checked|x64
		{EF272738-340A-364C-BD94-DFFC201E70A1}.profile|x64.ActiveCfg = profile|x64
		{EF272738-340A-364C-BD94-DFFC201E70A1}.profile|x64.Build.0 = profile|x64
		{EF272738-340A-364C-BD94-DFFC201E70A1}.release|x64.ActiveCfg = release|x64
		{EF272738-340A-364C-BD94-DFFC201E70A1}.release|x64.Build.0 = release|x64
		{D6979BDE-C574-3CBB-BC45-1BCAA6F13A39}.debug|x64.ActiveCfg = debug|x64
		{D6979BDE-C574-3CBB-BC45-1BCAA6F13A39}.debug|x64.Build.0 = debug|x64
		{D6979BDE-C574-3CBB-BC45-1BCAA6F13A39}.checked|x64.ActiveCfg = checked|x64
		{D6979BDE-C574-3CBB-BC45-1BCAA6F13A39}.checked|x64.Build.0 = checked|x64
		{D6979BDE-C574-3CBB-BC45-1BCAA6F13A39}.profile|x64.ActiveCfg = profile|x64
		{D6979BDE-C574-3CBB-BC45-1BCAA6F13A39}.profile|x64.Build.0 = profile|x64
		{D6979BDE-C574-3CBB-BC45-1BCAA6F13A39}.release|x64.ActiveCfg = release|x64
		{D6979BDE-C574-3CBB-BC45-1BCAA6F13A39}.release|x64.Build.0 = release|x64
		{CB98888E-1BC9-3E17-AC12-5787DF3D877D}.debug|x64.ActiveCfg = debug|x64
		{CB98888E-1BC9-3E17-AC12-5787DF3D877D}.debug|x64.Build.0 = debug|x64
		{CB98888E-1BC9-3E17-AC12-5787DF3D877D}.checked|x64.ActiveCfg = checked|x64
		{CB98888E-1BC9-3E17-AC12-5787DF3D877D}.checked|x64.Build.0 = checked|x64
		{CB98888E-1BC9-3E17-AC12-5787DF3D877D}.profile|x64.ActiveCfg = profile|x64
		{CB98888E-1BC9-3E17-AC12-5787DF3D877D}.profile|x64.Build.0 = profile|x64
		{CB98888E-1BC9-3E17-AC12-5787DF3D877D}.release|x64.ActiveCfg = release|x64
		{CB98888E-1BC9-3E17-AC12-5787DF3D877D}.release|x64.Build.0 = release|x64
		{EB38C670-7F56-3FF3-8C8D-6822622A963A}.debug|x64.ActiveCfg = debug|x64
		{EB38C670-7F56-3FF3-8C8D-6822622A963A}.debug|x64.Build.0 = debug|x64
		{EB38C670-7F56-3FF3-8C8D-6822622A963A}.checked|x64.ActiveCfg = checked|x64
		{EB38C670-7F56-3FF3-8C8D-6822622A963A}.checked|x64.Build.0 = checked|x64
		{EB38C670-7F56-3FF3-8C8D-6822622A963A}.profile|x64.ActiveCfg = profile|x64
		{EB38C670-7F56-3FF3-8C8D-6822622A963A}.profile|x64.Build.0 = profile|x64
		{EB38C670-7F56-3FF3-8C8D-6822622A963A}.release|x64.ActiveCfg = release|x64
		{EB38C670-7F56-3FF3-8C8D-6822622A963A}.release|x64.Build.0 = release|x64
		{3E58682F-DF6E-37C5-87F7-9BDFC9DD7B92}.debug|x64.ActiveCfg = debug|x64
		{3E58682F-DF6E-37C5-87F7-9BDFC9DD7B92}.debug|x64.Build.0 = debug|x64
		{3E58682F-DF6E-37C5-87F7-9BDFC9DD7B92}.checked|x64.ActiveCfg = checked|x64
		{3E58682F-DF6E-37C5-87F7-9BDFC9DD7B92}.checked|x64.Build.0 = checked|x64
		{3E58682F-DF6E-37C5-87F7-9BDFC9DD7B92}.profile|x64.ActiveCfg = profile|x64
		{3E58682F-DF6E-37C5-87F7-9BDFC9DD7B92}.profile|x64.Build.0 = profile|x64
		{3E58682F-DF6E-37C5-87F7-9BDFC9DD7B92}.release|x64.ActiveCfg = release|x64
		{3E58682F-DF6E-37C5-87F7-9BDFC9DD7B92}.release|x64.Build.0 = release|x64
		{3E8C2C5A-6A80-38EB-A079-40EBF30C4E71}.debug|x64.ActiveCfg = debug|x64
		{3E8C2C5A-6A80-38EB-A079-40EBF30C4E71}.debug|x64.Build.0 = debug|x64
		{3E8C2C5A-6A80-38EB-A079-40EBF30C4E71}.checked|x64.ActiveCfg = checked|x64
		{3E8C2C5A-6A80-38EB-A079-40EBF30C4E71}.checked|x64.Build.0 = checked|x64
		{3E8C2C5A-6A80-38EB-A079-40EBF30C4E71}.profile|x64.ActiveCfg = profile|x64
		{3E8C2C5A-6A80-38EB-A079-40EBF30C4E71}.profile|x64.Build.0 = profile|x64
		{3E8C2C5A-6A80-38EB-A079-40EBF30C4E71}.release|x64.ActiveCfg = release|x64
		{3E8C2C5A-6A80-38EB-A079-40EBF30C4E71}.release|x64.Build.0 = release|x64
		{C790B097-BC81-3ABC-8211-62B62DF69D39}.debug|x64.ActiveCfg = debug|x64
		{C790B097-BC81-3ABC-8211-62B62DF69D39}.debug|x64.Build.0 = debug|x64
		{C790B097-BC81-3ABC-8211-62B62DF69D39}.checked|x64.ActiveCfg = checked|x64
		{C790B097-BC81-3ABC-8211-62B62DF69D39}.checked|x64.Build.0 = checked|x64
		{C790B097-BC81-3ABC-8211-62B62DF69D39}.profile|x64.ActiveCfg = profile|x64
		{C790B097-BC81-3ABC-8211-62B62DF69D39}.profile|x64.Build.0 = profile|x64
		{C790B097-BC81-3ABC-8211-62B62DF69D39}.release|x64.ActiveCfg = release|x64
		{C790B097-BC81-3ABC-8211-62B62DF69D39}.release|x64.Build.0 = release|x64
		{A8C66CC8-F027-3587-B616-C5517D123AB9}.debug|x64.ActiveCfg = debug|x64
		{A8C66CC8-F027-3587-B616-C5517D123AB9}.debug|x64.Build.0 = debug|x64
		{A8C66CC8-F027-3587-B616-C5517D123AB9}.checked|x64.ActiveCfg = checked|x64
		{A8C66CC8-F027-3587-B616-C5517D123AB9}.checked|x64.Build.0 = checked|x64
		{A8C66CC8-F027-3587-B616-C5517D123AB9}.profile|x64.ActiveCfg = profile|x64
		{A8C66CC8-F027-3587-B616-C5517D123AB9}.profile|x64.Build.0 = profile|x64
		{A8C66CC8-F027-3587-B616-C5517D123AB9}.release|x64.ActiveCfg = release|x64
		{A8C66CC8-F027-3587-B616-C5517D123AB9}.release|x64.Build.0 = release|x64
		{7383CB57-CC5C-3B30-81A1-19D1400020F9}.debug|x64.ActiveCfg = debug|x64
		{7383CB57-CC5C-3B30-81A1-19D1400020F9}.debug|x64.Build.0 = debug|x64
		{7383CB57-CC5C-3B30-81A1-19D1400020F9}.checked|x64.ActiveCfg = checked|x64
		{7383CB57-CC5C-3B30-81A1-19D1400020F9}.checked|x64.Build.0 = checked|x64
		{7383CB57-CC5C-3B30-81A1-19D1400020F9}.profile|x64.ActiveCfg = profile|x64
		{7383CB57-CC5C-3B30-81A1-19D1400020F9}.profile|x64.Build.0 = profile|x64
		{7383CB57-CC5C-3B30-81A1-19D1400020F9}.release|x64.ActiveCfg = release|x64
		{7383CB57-CC5C-3B30-81A1-19D1400020F9}.release|x64.Build.0 = release|x64
		{5C324778-7124-33E9-9606-4F8D310D51E7}.debug|x64.ActiveCfg = debug|x64
		{5C324778-7124-33E9-9606-4F8D310D51E7}.debug|x64.Build.0 = debug|x64
		{5C324778-7124-33E9-9606-4F8D310D51E7}.checked|x64.ActiveCfg = checked|x64
		{5C324778-7124-33E9-9606-4F8D310D51E7}.checked|x64.Build.0 = checked|x64
		{5C324778-7124-33E9-9606-4F8D310D51E7}.profile|x64.ActiveCfg = profile|x64
		{5C324778-7124-33E9-9606-4F8D310D51E7}.profile|x64.Build.0 = profile|x64
		{5C324778-7124-33E9-9606-4F8D310D51E7}.release|x64.ActiveCfg = release|x64
		{5C324778-7124-33E9-9606-4F8D310D51E7}.release|x64.Build.0 = release|x64
		{82BC2E93-034D-3A6D-983D-4AB591E62738}.debug|x64.ActiveCfg = debug|x64
		{82BC2E93-034D-3A6D-983D-4AB591E62738}.debug|x64.Build.0 = debug|x64
		{82BC2E93-034D-3A6D-983D-4AB591E62738}.checked|x64.ActiveCfg = checked|x64
		{82BC2E93-034D-3A6D-983D-4AB591E62738}.checked|x64.Build.0 = checked|x64
		{82BC2E93-034D-3A6D-983D-4AB591E62738}.profile|x64.ActiveCfg = profile|x64
		{82BC2E93-034D-3A6D-983D-4AB591E62738}.profile|x64.Build.0 = profile|x64
		{82BC2E93-034D-3A6D-983D-4AB591E62738}.release|x64.ActiveCfg = release|x64
		{82BC2E93-034D-3A6D-983D-4AB591E62738}.release|x64.Build.0 = release|x64
		{A5E31542-B7E6-3DA4-8E12-F2FF76DA3615}.debug|x64.ActiveCfg = debug|x64
		{A5E31542-B7E6-3DA4-8E12-F2FF76DA3615}.debug|x64.Build.0 = debug|x64
		{A5E31542-B7E6-3DA4-8E12-F2FF76DA3615}.checked|x64.ActiveCfg = checked|x64
		{A5E31542-B7E6-3DA4-8E12-F2FF76DA3615}.checked|x64.Build.0 = checked|x64
		{A5E31542-B7E6-3DA4-8E12-F2FF76DA3615}.profile|x64.ActiveCfg = profile|x64
		{A5E31542-B7E6-3DA4-8E12-F2FF76DA3615}.profile|x64.Build.0 = profile|x64
		{A5E31542-B7E6-3DA4-8E12-F2FF76DA3615}.release|x64.ActiveCfg = release|x64
		{A5E31542-B7E6-3DA4-8E12-F2FF76DA3615}.release|x64.Build.0 = release|x64
		{221FCAC6-4F2A-3978-AD31-3FECA58C26FF}.debug|x64.ActiveCfg = debug|x64
		{221FCAC6-4F2A-3978-AD31-3FECA58C26FF}.debug|x64.Build.0 = debug|x64
		{221FCAC6-4F2A-3978-AD31-3FECA58C26FF}.checked|x64.ActiveCfg = checked|x64
		{221FCAC6-4F2A-3978-AD31-3FECA58C26FF}.checked|x64.Build.0 = checked|x64
		{221FCAC6-4F2A-3978-AD31-3FECA58C26FF}.profile|x64.ActiveCfg = profile|x64
		{221FCAC6-4F2A-3978-AD31-3FECA58C26FF}.profile|x64.Build.0 = profile|x64
		{221FCAC6-4F2A-3978-AD31-3FECA58C26FF}.release|x64.ActiveCfg = release|x64
		{221FCAC6-4F2A-3978-AD31-3FECA58C26FF}.release|x64.Build.0 = release|x64
		{E21F0EF9-C24D-30EB-BB04-32E639A58845}.debug|x64.ActiveCfg = debug|x64
		{E21F0EF9-C24D-30EB-BB04-32E639A58845}.debug|x64.Build.0 = debug|x64
		{E21F0EF9-C24D-30EB-BB04-32E639A58845}.checked|x64.ActiveCfg = checked|x64
		{E21F0EF9-C24D-30EB-BB04-32E639A58845}.checked|x64.Build.0 = checked|x64
		{E21F0EF9-C24D-30EB-BB04-32E639A58845}.profile|x64.ActiveCfg = profile|x64
		{E21F0EF9-C24D-30EB-BB04-32E639A58845}.profile|x64.Build.0 = profile|x64
		{E21F0EF9-C24D-30EB-BB04-32E639A58845}.release|x64.ActiveCfg = release|x64
		{E21F0EF9-C24D-30EB-BB04-32E639A58845}.release|x64.Build.0 = release|x64
		{81B2B9EF-E696-3ACE-A121-0EADDB0A0C5C}.debug|x64.ActiveCfg = debug|x64
		{81B2B9EF-E696-3ACE-A121-0EADDB0A0C5C}.debug|x64.Build.0 = debug|x64
		{81B2B9EF-E696-3ACE-A121-0EADDB0A0C5C}.checked|x64.ActiveCfg = checked|x64
		{81B2B9EF-E696-3ACE-A121-0EADDB0A0C5C}.checked|x64.Build.0 = checked|x64
		{81B2B9EF-E696-3ACE-A121-0EADDB0A0C5C}.profile|x64.ActiveCfg = profile|x64
		{81B2B9EF-E696-3ACE-A121-0EADDB0A0C5C}.profile|x64.Build.0 = profile|x64
		{81B2B9EF-E696-3ACE-A121-0EADDB0A0C5C}.release|x64.ActiveCfg = release|x64
		{81B2B9EF-E696-3ACE-A121-0EADDB0A0C5C}.release|x64.Build.0 = release|x64
		{C53EF953-1045-3B74-A92D-5C4A7990A9B3}.debug|x64.ActiveCfg = debug|x64
		{C53EF953-1045-3B74-A92D-5C4A7990A9B3}.debug|x64.Build.0 = debug|x64
		{C53EF953-1045-3B74-A92D-5C4A7990A9B3}.checked|x64.ActiveCfg = checked|x64
		{C53EF953-1045-3B74-A92D-5C4A7990A9B3}.checked|x64.Build.0 = checked|x64
		{C53EF953-1045-3B74-A92D-5C4A7990A9B3}.profile|x64.ActiveCfg = profile|x64
		{C53EF953-1045-3B74-A92D-5C4A7990A9B3}.profile|x64.Build.0 = profile|x64
		{C53EF953-1045-3B74-A92D-5C4A7990A9B3}.release|x64.ActiveCfg = release|x64
		{C53EF953-1045-3B74-A92D-5C4A7990A9B3}.release|x64.Build.0 = release|x64
		{A2C6F56F-7F68-3510-B7B5-755FC55E7241}.debug|x64.ActiveCfg = debug|x64
		{A2C6F56F-7F68-3510-B7B5-755FC55E7241}.debug|x64.Build.0 = debug|x64
		{A2C6F56F-7F68-3510-B7B5-755FC55E7241}.checked|x64.ActiveCfg = checked|x64
		{A2C6F56F-7F68-3510-B7B5-755FC55E7241}.checked|x64.Build.0 = checked|x64
		{A2C6F56F-7F68-3510-B7B5-755FC55E7241}.profile|x64.ActiveCfg = profile|x64
		{A2C6F56F-7F68-3510-B7B5-755FC55E7241}.profile|x64.Build.0 = profile|x64
		{A2C6F56F-7F68-3510-B7B5-755FC55E7241}.release|x64.ActiveCfg = release|x64
		{A2C6F56F-7F68-3510-B7B5-755FC55E7241}.release|x64.Build.0 = release|x64
		{26441C9F-3F0F-37EE-BE8A-549632F819F2}.debug|x64.ActiveCfg = debug|x64
		{26441C9F-3F0F-37EE-BE8A-549632F819F2}.debug|x64.Build.0 = debug|x64
		{26441C9F-3F0F-37EE-BE8A-549632F819F2}.checked|x64.ActiveCfg = checked|x64
		{26441C9F-3F0F-37EE-BE8A-549632F819F2}.checked|x64.Build.0 = checked|x64
		{26441C9F-3F0F-37EE-BE8A-549632F819F2}.profile|x64.ActiveCfg = profile|x64
		{26441C9F-3F0F-37EE-BE8A-549632F819F2}.profile|x64.Build.0 = profile|x64
		{26441C9F-3F0F-37EE-BE8A-549632F819F2}.release|x64.ActiveCfg = release|x64
		{26441C9F-3F0F-37EE-BE8A-549632F819F2}.release|x64.Build.0 = release|x64
	EndGlobalSection
	GlobalSection(NestedProjects) = preSolution
		{6517A243-AEB0-3C25-B92A-F07652971920} = {DEFEBB98-FEB8-39ED-B390-7E9EFFE8E798}
		{DCF635F6-F72E-3208-ABB4-74583B510EFA} = {DEFEBB98-FEB8-39ED-B390-7E9EFFE8E798}
		{26441C9F-3F0F-37EE-BE8A-549632F819F2} = {DEFEBB98-FEB8-39ED-B390-7E9EFFE8E798}
		{8E9A4EF3-2EFC-3A39-8CAF-28657AE0A24B} = {EE63AC19-28C2-32A2-B955-72253066C49D}
		{AEEE7DA4-BA6A-3727-94CD-8778A74B71AB} = {EE63AC19-28C2-32A2-B955-72253066C49D}
		{CFBDE9D4-312E-3574-A4EE-CA1357A6566F} = {EE63AC19-28C2-32A2-B955-72253066C49D}
		{26BA929D-0E0D-3FBD-ACD8-B437B5A1327F} = {EE63AC19-28C2-32A2-B955-72253066C49D}
		{8540AD1D-FF71-30E0-9C76-E58A31047976} = {EE63AC19-28C2-32A2-B955-72253066C49D}
		{D2597F43-1528-3A36-B521-97AB6B50CB63} = {EE63AC19-28C2-32A2-B955-72253066C49D}
		{88ECA1EC-DA34-39C5-AB21-D1C5B3C280D5} = {EE63AC19-28C2-32A2-B955-72253066C49D}
		{9E6A19D1-21EA-3CE6-836C-776DCCF38FAF} = {EE63AC19-28C2-32A2-B955-72253066C49D}
		{840CCD4F-5330-3C44-A7C6-CC32AE28DD65} = {EE63AC19-28C2-32A2-B955-72253066C49D}
		{FFB2A466-5CD7-3987-A853-6C317AEFAE84} = {EE63AC19-28C2-32A2-B955-72253066C49D}
		{6E2D85F7-CC5D-377A-85B1-37E902A76394} = {EE63AC19-28C2-32A2-B955-72253066C49D}
		{FC16D007-ACA4-3A63-948E-A878C3FF7938} = {EE63AC19-28C2-32A2-B955-72253066C49D}
		{E2E65E9F-78FC-32D0-B656-3A478EC682D8} = {EE63AC19-28C2-32A2-B955-72253066C49D}
		{F9182345-0E36-395A-99F1-369F7E5A4D8F} = {EE63AC19-28C2-32A2-B955-72253066C49D}
		{A03AFEB4-E386-3704-8037-C4575CBA0EC7} = {EE63AC19-28C2-32A2-B955-72253066C49D}
		{A6A2621A-0AC6-3B6A-900B-84B817B76C58} = {AB85B071-2E39-3F32-9EA2-E3173B39E72F}
		{4FE788E2-CC8A-3AD3-8D3A-772069AC02D4} = {AB85B071-2E39-3F32-9EA2-E3173B39E72F}
		{F0873EAB-8ADA-345F-92BC-5DBB110F61AA} = {AB85B071-2E39-3F32-9EA2-E3173B39E72F}
		{E20AF339-3277-358A-8FAD-621B5584CBEA} = {AB85B071-2E39-3F32-9EA2-E3173B39E72F}
		{1402E383-AB6F-3A83-987C-17E11E74EF17} = {AB85B071-2E39-3F32-9EA2-E3173B39E72F}
		{307C6247-F455-3BC3-9734-5CA619F2D916} = {AB85B071-2E39-3F32-9EA2-E3173B39E72F}
		{E6F1CD2F-0832-3FF5-A13C-3DAB6749D9E0} = {AB85B071-2E39-3F32-9EA2-E3173B39E72F}
		{C13945F4-A289-3F9C-B8FE-DD7DB41C68D5} = {AB85B071-2E39-3F32-9EA2-E3173B39E72F}
		{406568C5-F3D7-3992-AB21-4F0E9074A599} = {AB85B071-2E39-3F32-9EA2-E3173B39E72F}
		{DCCDD39A-B24E-3607-AB1B-2942B2276ED8} = {AB85B071-2E39-3F32-9EA2-E3173B39E72F}
		{5F86CC35-D626-3602-B9DC-4C580D1DF798} = {AB85B071-2E39-3F32-9EA2-E3173B39E72F}
		{C22813EA-2278-3941-90FA-2A4D561CFDA2} = {AB85B071-2E39-3F32-9EA2-E3173B39E72F}
		{BCEAAAD6-F7C9-3EFB-A62C-668422E79768} = {AB85B071-2E39-3F32-9EA2-E3173B39E72F}
		{C0E1865E-3236-3B0F-B9CD-9A71BCCCE7AB} = {AB85B071-2E39-3F32-9EA2-E3173B39E72F}
		{6BDA5110-192D-35D8-832B-4C3BA2B46CA9} = {AB85B071-2E39-3F32-9EA2-E3173B39E72F}
		{8F0AB617-F353-3FD1-9366-26F385B628F8} = {AB85B071-2E39-3F32-9EA2-E3173B39E72F}
		{5F9B2479-FA9E-353F-B327-8F28C33D45FE} = {AB85B071-2E39-3F32-9EA2-E3173B39E72F}
		{6AFB941C-9EFC-384A-BBC9-BAD8E310AAB2} = {AB85B071-2E39-3F32-9EA2-E3173B39E72F}
		{7447A18A-338E-37F9-9830-4258778C06A6} = {AB85B071-2E39-3F32-9EA2-E3173B39E72F}
		{3214E8E7-BAD6-3011-8AB9-30D47AC90446} = {AB85B071-2E39-3F32-9EA2-E3173B39E72F}
		{1C1142DD-1D96-348D-A3CB-756B8B730175} = {AB85B071-2E39-3F32-9EA2-E3173B39E72F}
		{EF272738-340A-364C-BD94-DFFC201E70A1} = {AB85B071-2E39-3F32-9EA2-E3173B39E72F}
		{D6979BDE-C574-3CBB-BC45-1BCAA6F13A39} = {AB85B071-2E39-3F32-9EA2-E3173B39E72F}
		{EB38C670-7F56-3FF3-8C8D-6822622A963A} = {AB85B071-2E39-3F32-9EA2-E3173B39E72F}
		{3E58682F-DF6E-37C5-87F7-9BDFC9DD7B92} = {AB85B071-2E39-3F32-9EA2-E3173B39E72F}
		{3E8C2C5A-6A80-38EB-A079-40EBF30C4E71} = {AB85B071-2E39-3F32-9EA2-E3173B39E72F}
		{C790B097-BC81-3ABC-8211-62B62DF69D39} = {AB85B071-2E39-3F32-9EA2-E3173B39E72F}
		{A8C66CC8-F027-3587-B616-C5517D123AB9} = {AB85B071-2E39-3F32-9EA2-E3173B39E72F}
		{7383CB57-CC5C-3B30-81A1-19D1400020F9} = {AB85B071-2E39-3F32-9EA2-E3173B39E72F}
		{5C324778-7124-33E9-9606-4F8D310D51E7} = {AB85B071-2E39-3F32-9EA2-E3173B39E72F}
		{A5E31542-B7E6-3DA4-8E12-F2FF76DA3615} = {AB85B071-2E39-3F32-9EA2-E3173B39E72F}
		{221FCAC6-4F2A-3978-AD31-3FECA58C26FF} = {AB85B071-2E39-3F32-9EA2-E3173B39E72F}
		{E21F0EF9-C24D-30EB-BB04-32E639A58845} = {AB85B071-2E39-3F32-9EA2-E3173B39E72F}
		{81B2B9EF-E696-3ACE-A121-0EADDB0A0C5C} = {AB85B071-2E39-3F32-9EA2-E3173B39E72F}
		{C53EF953-1045-3B74-A92D-5C4A7990A9B3} = {AB85B071-2E39-3F32-9EA2-E3173B39E72F}
		{A2C6F56F-7F68-3510-B7B5-755FC55E7241} = {AB85B071-2E39-3F32-9EA2-E3173B39E72F}
		{CB98888E-1BC9-3E17-AC12-5787DF3D877D} = {A6A2621A-0AC6-3B6A-900B-84B817B76C58}
		{82BC2E93-034D-3A6D-983D-4AB591E62738} = {A6A2621A-0AC6-3B6A-900B-84B817B76C58}
	EndGlobalSection
	GlobalSection(ExtensibilityGlobals) = postSolution
		SolutionGuid = {B5B06E05-0F4F-3DEF-96EE-71B185D901BB}
	EndGlobalSection
	GlobalSection(ExtensibilityAddIns) = postSolution
	EndGlobalSection
EndGlobal
